{"format_version":"1.2","terraform_version":"1.5.1","variables":{"ami":{"value":"ami-0430580de6244e02e"},"env":{"value":"kerol"},"instance_size":{"value":"t2.micro"},"key_pair":{"value":"sbi-web-server"},"private_subnet_cidrs":{"value":["10.0.11.0/24","10.0.22.0/24"]},"public_subnet_cidrs":{"value":["10.0.1.0/24","10.0.2.0/24"]},"tags":{"value":{"Owner":"Ranjeet JADHAV","Project":"Terraform"}},"vpc_cidr":{"value":"10.0.0.0/16"}},"planned_values":{"outputs":{"nlb_dns_name":{"sensitive":false},"private_subnet_ids":{"sensitive":false},"public_subnet_ids":{"sensitive":false},"server_public_ips":{"sensitive":false},"vpc_cidr":{"sensitive":false,"type":"string","value":"10.0.0.0/16"},"vpc_id":{"sensitive":false}},"root_module":{"resources":[{"address":"aws_eip.nat","mode":"managed","type":"aws_eip","name":"nat","provider_name":"registry.terraform.io/hashicorp/aws","schema_version":0,"values":{"address":null,"associate_with_private_ip":null,"customer_owned_ipv4_pool":null,"tags":{"Name":"kerol-nat-gw","Owner":"Ranjeet JADHAV","Project":"Terraform"},"tags_all":{"Name":"kerol-nat-gw","Owner":"Ranjeet JADHAV","Project":"Terraform"},"timeouts":null,"vpc":true},"sensitive_values":{"tags":{},"tags_all":{}}},{"address":"aws_instance.baston[0]","mode":"managed","type":"aws_instance","name":"baston","index":0,"provider_name":"registry.terraform.io/hashicorp/aws","schema_version":1,"values":{"ami":"ami-0430580de6244e02e","credit_specification":[],"get_password_data":false,"hibernation":null,"instance_type":"t2.micro","key_name":"sbi-web-server","launch_template":[],"root_block_device":[{"delete_on_termination":true,"encrypted":true,"tags":null,"volume_size":10}],"source_dest_check":true,"tags":{"Environment":"Public","Name":"Baston-instance"},"tags_all":{"Environment":"Public","Name":"Baston-instance"},"timeouts":null,"user_data_replace_on_change":false,"volume_tags":null},"sensitive_values":{"capacity_reservation_specification":[],"cpu_options":[],"credit_specification":[],"ebs_block_device":[],"enclave_options":[],"ephemeral_block_device":[],"instance_market_options":[],"ipv6_addresses":[],"launch_template":[],"maintenance_options":[],"metadata_options":[],"network_interface":[],"private_dns_name_options":[],"root_block_device":[{}],"secondary_private_ips":[],"security_groups":[],"tags":{},"tags_all":{},"vpc_security_group_ids":[]}},{"address":"aws_instance.nginx[0]","mode":"managed","type":"aws_instance","name":"nginx","index":0,"provider_name":"registry.terraform.io/hashicorp/aws","schema_version":1,"values":{"ami":"ami-0430580de6244e02e","credit_specification":[],"get_password_data":false,"hibernation":null,"instance_type":"t2.micro","key_name":"sbi-web-server","launch_template":[],"root_block_device":[{"delete_on_termination":true,"encrypted":true,"tags":null,"volume_size":10}],"source_dest_check":true,"tags":{"Environment":"Private","Name":"Private-instance-1"},"tags_all":{"Environment":"Private","Name":"Private-instance-1"},"timeouts":null,"user_data":"22adbffa75307b2bba6d37ebf4d8e832abd0cce5","user_data_replace_on_change":false,"volume_tags":null},"sensitive_values":{"capacity_reservation_specification":[],"cpu_options":[],"credit_specification":[],"ebs_block_device":[],"enclave_options":[],"ephemeral_block_device":[],"instance_market_options":[],"ipv6_addresses":[],"launch_template":[],"maintenance_options":[],"metadata_options":[],"network_interface":[],"private_dns_name_options":[],"root_block_device":[{}],"secondary_private_ips":[],"security_groups":[],"tags":{},"tags_all":{},"vpc_security_group_ids":[]}},{"address":"aws_instance.nginx[1]","mode":"managed","type":"aws_instance","name":"nginx","index":1,"provider_name":"registry.terraform.io/hashicorp/aws","schema_version":1,"values":{"ami":"ami-0430580de6244e02e","credit_specification":[],"get_password_data":false,"hibernation":null,"instance_type":"t2.micro","key_name":"sbi-web-server","launch_template":[],"root_block_device":[{"delete_on_termination":true,"encrypted":true,"tags":null,"volume_size":10}],"source_dest_check":true,"tags":{"Environment":"Private","Name":"Private-instance-2"},"tags_all":{"Environment":"Private","Name":"Private-instance-2"},"timeouts":null,"user_data":"22adbffa75307b2bba6d37ebf4d8e832abd0cce5","user_data_replace_on_change":false,"volume_tags":null},"sensitive_values":{"capacity_reservation_specification":[],"cpu_options":[],"credit_specification":[],"ebs_block_device":[],"enclave_options":[],"ephemeral_block_device":[],"instance_market_options":[],"ipv6_addresses":[],"launch_template":[],"maintenance_options":[],"metadata_options":[],"network_interface":[],"private_dns_name_options":[],"root_block_device":[{}],"secondary_private_ips":[],"security_groups":[],"tags":{},"tags_all":{},"vpc_security_group_ids":[]}},{"address":"aws_internet_gateway.kerol","mode":"managed","type":"aws_internet_gateway","name":"kerol","provider_name":"registry.terraform.io/hashicorp/aws","schema_version":0,"values":{"tags":{"Name":"kerol-igw","Owner":"Ranjeet JADHAV","Project":"Terraform"},"tags_all":{"Name":"kerol-igw","Owner":"Ranjeet JADHAV","Project":"Terraform"},"timeouts":null},"sensitive_values":{"tags":{},"tags_all":{}}},{"address":"aws_lb.network","mode":"managed","type":"aws_lb","name":"network","provider_name":"registry.terraform.io/hashicorp/aws","schema_version":0,"values":{"access_logs":[],"customer_owned_ipv4_pool":null,"desync_mitigation_mode":null,"drop_invalid_header_fields":null,"enable_cross_zone_load_balancing":false,"enable_deletion_protection":false,"enable_http2":null,"enable_tls_version_and_cipher_suite_headers":null,"enable_waf_fail_open":null,"enable_xff_client_port":null,"idle_timeout":null,"load_balancer_type":"network","name":"kerol-nlb","name_prefix":null,"preserve_host_header":null,"tags":{"Name":"kerol-nlb","Owner":"Ranjeet JADHAV","Project":"Terraform"},"tags_all":{"Name":"kerol-nlb","Owner":"Ranjeet JADHAV","Project":"Terraform"},"timeouts":null,"xff_header_processing_mode":null},"sensitive_values":{"access_logs":[],"security_groups":[],"subnet_mapping":[],"subnets":[],"tags":{},"tags_all":{}}},{"address":"aws_lb_listener.network","mode":"managed","type":"aws_lb_listener","name":"network","provider_name":"registry.terraform.io/hashicorp/aws","schema_version":0,"values":{"alpn_policy":null,"certificate_arn":null,"default_action":[{"authenticate_cognito":[],"authenticate_oidc":[],"fixed_response":[],"forward":[],"redirect":[],"type":"forward"}],"port":80,"protocol":"TCP","tags":null,"timeouts":null},"sensitive_values":{"default_action":[{"authenticate_cognito":[],"authenticate_oidc":[],"fixed_response":[],"forward":[],"redirect":[]}],"tags_all":{}}},{"address":"aws_lb_target_group.network","mode":"managed","type":"aws_lb_target_group","name":"network","provider_name":"registry.terraform.io/hashicorp/aws","schema_version":0,"values":{"connection_termination":false,"deregistration_delay":"300","health_check":[{"enabled":true,"healthy_threshold":3,"interval":30,"port":"80","protocol":"HTTP","unhealthy_threshold":3}],"lambda_multi_value_headers_enabled":false,"name":"kerol-nlb-target-group","name_prefix":null,"port":80,"protocol":"TCP","proxy_protocol_v2":false,"slow_start":0,"tags":null,"target_type":"instance"},"sensitive_values":{"health_check":[{}],"stickiness":[],"tags_all":{},"target_failover":[]}},{"address":"aws_lb_target_group_attachment.private_instances[0]","mode":"managed","type":"aws_lb_target_group_attachment","name":"private_instances","index":0,"provider_name":"registry.terraform.io/hashicorp/aws","schema_version":0,"values":{"availability_zone":null,"port":null},"sensitive_values":{}},{"address":"aws_lb_target_group_attachment.private_instances[1]","mode":"managed","type":"aws_lb_target_group_attachment","name":"private_instances","index":1,"provider_name":"registry.terraform.io/hashicorp/aws","schema_version":0,"values":{"availability_zone":null,"port":null},"sensitive_values":{}},{"address":"aws_nat_gateway.nat","mode":"managed","type":"aws_nat_gateway","name":"nat","provider_name":"registry.terraform.io/hashicorp/aws","schema_version":0,"values":{"connectivity_type":"public","secondary_allocation_ids":null,"tags":{"Name":"kerol-nat-gw","Owner":"Ranjeet JADHAV","Project":"Terraform"},"tags_all":{"Name":"kerol-nat-gw","Owner":"Ranjeet JADHAV","Project":"Terraform"},"timeouts":null},"sensitive_values":{"secondary_private_ip_addresses":[],"tags":{},"tags_all":{}}},{"address":"aws_route_table.private_subnets","mode":"managed","type":"aws_route_table","name":"private_subnets","provider_name":"registry.terraform.io/hashicorp/aws","schema_version":0,"values":{"route":[{"carrier_gateway_id":"","cidr_block":"0.0.0.0/0","core_network_arn":"","destination_prefix_list_id":"","egress_only_gateway_id":"","gateway_id":"","ipv6_cidr_block":"","local_gateway_id":"","network_interface_id":"","transit_gateway_id":"","vpc_endpoint_id":"","vpc_peering_connection_id":""}],"tags":{"Name":"kerol-route-private-subnet","Owner":"Ranjeet JADHAV","Project":"Terraform"},"tags_all":{"Name":"kerol-route-private-subnet","Owner":"Ranjeet JADHAV","Project":"Terraform"},"timeouts":null},"sensitive_values":{"propagating_vgws":[],"route":[{}],"tags":{},"tags_all":{}}},{"address":"aws_route_table.public_subnets","mode":"managed","type":"aws_route_table","name":"public_subnets","provider_name":"registry.terraform.io/hashicorp/aws","schema_version":0,"values":{"route":[{"carrier_gateway_id":"","cidr_block":"0.0.0.0/0","core_network_arn":"","destination_prefix_list_id":"","egress_only_gateway_id":"","ipv6_cidr_block":"","local_gateway_id":"","nat_gateway_id":"","network_interface_id":"","transit_gateway_id":"","vpc_endpoint_id":"","vpc_peering_connection_id":""}],"tags":{"Name":"kerol-route-public-subnets","Owner":"Ranjeet JADHAV","Project":"Terraform"},"tags_all":{"Name":"kerol-route-public-subnets","Owner":"Ranjeet JADHAV","Project":"Terraform"},"timeouts":null},"sensitive_values":{"propagating_vgws":[],"route":[{}],"tags":{},"tags_all":{}}},{"address":"aws_route_table_association.private_routes[0]","mode":"managed","type":"aws_route_table_association","name":"private_routes","index":0,"provider_name":"registry.terraform.io/hashicorp/aws","schema_version":0,"values":{"gateway_id":null,"timeouts":null},"sensitive_values":{}},{"address":"aws_route_table_association.private_routes[1]","mode":"managed","type":"aws_route_table_association","name":"private_routes","index":1,"provider_name":"registry.terraform.io/hashicorp/aws","schema_version":0,"values":{"gateway_id":null,"timeouts":null},"sensitive_values":{}},{"address":"aws_route_table_association.public_routes[0]","mode":"managed","type":"aws_route_table_association","name":"public_routes","index":0,"provider_name":"registry.terraform.io/hashicorp/aws","schema_version":0,"values":{"gateway_id":null,"timeouts":null},"sensitive_values":{}},{"address":"aws_route_table_association.public_routes[1]","mode":"managed","type":"aws_route_table_association","name":"public_routes","index":1,"provider_name":"registry.terraform.io/hashicorp/aws","schema_version":0,"values":{"gateway_id":null,"timeouts":null},"sensitive_values":{}},{"address":"aws_security_group.baston","mode":"managed","type":"aws_security_group","name":"baston","provider_name":"registry.terraform.io/hashicorp/aws","schema_version":1,"values":{"description":"Managed by Terraform","egress":[{"cidr_blocks":["10.0.11.0/24","10.0.22.0/24"],"description":"","from_port":22,"ipv6_cidr_blocks":[],"prefix_list_ids":[],"protocol":"tcp","security_groups":[],"self":false,"to_port":22}],"ingress":[{"cidr_blocks":["152.58.31.195/32"],"description":"","from_port":22,"ipv6_cidr_blocks":[],"prefix_list_ids":[],"protocol":"tcp","security_groups":[],"self":false,"to_port":22}],"name_prefix":"kerol-baston-sg","revoke_rules_on_delete":false,"tags":null,"timeouts":null},"sensitive_values":{"egress":[{"cidr_blocks":[false,false],"ipv6_cidr_blocks":[],"prefix_list_ids":[],"security_groups":[]}],"ingress":[{"cidr_blocks":[false],"ipv6_cidr_blocks":[],"prefix_list_ids":[],"security_groups":[]}],"tags_all":{}}},{"address":"aws_security_group.nlb","mode":"managed","type":"aws_security_group","name":"nlb","provider_name":"registry.terraform.io/hashicorp/aws","schema_version":1,"values":{"description":"Managed by Terraform","egress":[{"cidr_blocks":["10.0.11.0/24","10.0.22.0/24"],"description":"","from_port":80,"ipv6_cidr_blocks":[],"prefix_list_ids":[],"protocol":"tcp","security_groups":[],"self":false,"to_port":80}],"ingress":[{"cidr_blocks":["0.0.0.0/0"],"description":"","from_port":80,"ipv6_cidr_blocks":[],"prefix_list_ids":[],"protocol":"tcp","security_groups":[],"self":false,"to_port":80}],"name_prefix":"kerol-nlb-sg","revoke_rules_on_delete":false,"tags":null,"timeouts":null},"sensitive_values":{"egress":[{"cidr_blocks":[false,false],"ipv6_cidr_blocks":[],"prefix_list_ids":[],"security_groups":[]}],"ingress":[{"cidr_blocks":[false],"ipv6_cidr_blocks":[],"prefix_list_ids":[],"security_groups":[]}],"tags_all":{}}},{"address":"aws_security_group.private_instances","mode":"managed","type":"aws_security_group","name":"private_instances","provider_name":"registry.terraform.io/hashicorp/aws","schema_version":1,"values":{"description":"Managed by Terraform","egress":[{"cidr_blocks":["0.0.0.0/0"],"description":"","from_port":0,"ipv6_cidr_blocks":[],"prefix_list_ids":[],"protocol":"-1","security_groups":[],"self":false,"to_port":0}],"ingress":[{"cidr_blocks":[],"description":"","from_port":80,"ipv6_cidr_blocks":[],"prefix_list_ids":[],"protocol":"tcp","self":false,"to_port":80}],"name_prefix":"kerol-private-instances-sg","revoke_rules_on_delete":false,"tags":null,"timeouts":null},"sensitive_values":{"egress":[{"cidr_blocks":[false],"ipv6_cidr_blocks":[],"prefix_list_ids":[],"security_groups":[]}],"ingress":[{"cidr_blocks":[],"ipv6_cidr_blocks":[],"prefix_list_ids":[],"security_groups":[]}],"tags_all":{}}},{"address":"aws_security_group_rule.ssh_from_baston","mode":"managed","type":"aws_security_group_rule","name":"ssh_from_baston","provider_name":"registry.terraform.io/hashicorp/aws","schema_version":2,"values":{"description":null,"from_port":22,"ipv6_cidr_blocks":null,"prefix_list_ids":null,"protocol":"tcp","self":false,"timeouts":null,"to_port":22,"type":"ingress"},"sensitive_values":{"cidr_blocks":[]}},{"address":"aws_subnet.private_subnets[0]","mode":"managed","type":"aws_subnet","name":"private_subnets","index":0,"provider_name":"registry.terraform.io/hashicorp/aws","schema_version":1,"values":{"assign_ipv6_address_on_creation":false,"availability_zone":"us-east-2a","cidr_block":"10.0.11.0/24","customer_owned_ipv4_pool":null,"enable_dns64":false,"enable_lni_at_device_index":null,"enable_resource_name_dns_a_record_on_launch":false,"enable_resource_name_dns_aaaa_record_on_launch":false,"ipv6_cidr_block":null,"ipv6_native":false,"map_customer_owned_ip_on_launch":null,"map_public_ip_on_launch":false,"outpost_arn":null,"tags":{"Name":"kerol-private-1","Owner":"Ranjeet JADHAV","Project":"Terraform"},"tags_all":{"Name":"kerol-private-1","Owner":"Ranjeet JADHAV","Project":"Terraform"},"timeouts":null},"sensitive_values":{"tags":{},"tags_all":{}}},{"address":"aws_subnet.private_subnets[1]","mode":"managed","type":"aws_subnet","name":"private_subnets","index":1,"provider_name":"registry.terraform.io/hashicorp/aws","schema_version":1,"values":{"assign_ipv6_address_on_creation":false,"availability_zone":"us-east-2b","cidr_block":"10.0.22.0/24","customer_owned_ipv4_pool":null,"enable_dns64":false,"enable_lni_at_device_index":null,"enable_resource_name_dns_a_record_on_launch":false,"enable_resource_name_dns_aaaa_record_on_launch":false,"ipv6_cidr_block":null,"ipv6_native":false,"map_customer_owned_ip_on_launch":null,"map_public_ip_on_launch":false,"outpost_arn":null,"tags":{"Name":"kerol-private-2","Owner":"Ranjeet JADHAV","Project":"Terraform"},"tags_all":{"Name":"kerol-private-2","Owner":"Ranjeet JADHAV","Project":"Terraform"},"timeouts":null},"sensitive_values":{"tags":{},"tags_all":{}}},{"address":"aws_subnet.public_subnets[0]","mode":"managed","type":"aws_subnet","name":"public_subnets","index":0,"provider_name":"registry.terraform.io/hashicorp/aws","schema_version":1,"values":{"assign_ipv6_address_on_creation":false,"availability_zone":"us-east-2a","cidr_block":"10.0.1.0/24","customer_owned_ipv4_pool":null,"enable_dns64":false,"enable_lni_at_device_index":null,"enable_resource_name_dns_a_record_on_launch":false,"enable_resource_name_dns_aaaa_record_on_launch":false,"ipv6_cidr_block":null,"ipv6_native":false,"map_customer_owned_ip_on_launch":null,"map_public_ip_on_launch":true,"outpost_arn":null,"tags":{"Name":"kerol-public-1","Owner":"Ranjeet JADHAV","Project":"Terraform"},"tags_all":{"Name":"kerol-public-1","Owner":"Ranjeet JADHAV","Project":"Terraform"},"timeouts":null},"sensitive_values":{"tags":{},"tags_all":{}}},{"address":"aws_subnet.public_subnets[1]","mode":"managed","type":"aws_subnet","name":"public_subnets","index":1,"provider_name":"registry.terraform.io/hashicorp/aws","schema_version":1,"values":{"assign_ipv6_address_on_creation":false,"availability_zone":"us-east-2b","cidr_block":"10.0.2.0/24","customer_owned_ipv4_pool":null,"enable_dns64":false,"enable_lni_at_device_index":null,"enable_resource_name_dns_a_record_on_launch":false,"enable_resource_name_dns_aaaa_record_on_launch":false,"ipv6_cidr_block":null,"ipv6_native":false,"map_customer_owned_ip_on_launch":null,"map_public_ip_on_launch":true,"outpost_arn":null,"tags":{"Name":"kerol-public-2","Owner":"Ranjeet JADHAV","Project":"Terraform"},"tags_all":{"Name":"kerol-public-2","Owner":"Ranjeet JADHAV","Project":"Terraform"},"timeouts":null},"sensitive_values":{"tags":{},"tags_all":{}}},{"address":"aws_vpc.kerol","mode":"managed","type":"aws_vpc","name":"kerol","provider_name":"registry.terraform.io/hashicorp/aws","schema_version":1,"values":{"assign_generated_ipv6_cidr_block":null,"cidr_block":"10.0.0.0/16","enable_dns_support":true,"instance_tenancy":"default","ipv4_ipam_pool_id":null,"ipv4_netmask_length":null,"ipv6_ipam_pool_id":null,"ipv6_netmask_length":null,"tags":{"Name":"kerol-vpc","Owner":"Ranjeet JADHAV","Project":"Terraform"},"tags_all":{"Name":"kerol-vpc","Owner":"Ranjeet JADHAV","Project":"Terraform"}},"sensitive_values":{"tags":{},"tags_all":{}}}]}},"resource_changes":[{"address":"aws_eip.nat","mode":"managed","type":"aws_eip","name":"nat","provider_name":"registry.terraform.io/hashicorp/aws","change":{"actions":["create"],"before":null,"after":{"address":null,"associate_with_private_ip":null,"customer_owned_ipv4_pool":null,"tags":{"Name":"kerol-nat-gw","Owner":"Ranjeet JADHAV","Project":"Terraform"},"tags_all":{"Name":"kerol-nat-gw","Owner":"Ranjeet JADHAV","Project":"Terraform"},"timeouts":null,"vpc":true},"after_unknown":{"allocation_id":true,"association_id":true,"carrier_ip":true,"customer_owned_ip":true,"domain":true,"id":true,"instance":true,"network_border_group":true,"network_interface":true,"private_dns":true,"private_ip":true,"public_dns":true,"public_ip":true,"public_ipv4_pool":true,"tags":{},"tags_all":{}},"before_sensitive":false,"after_sensitive":{"tags":{},"tags_all":{}}}},{"address":"aws_instance.baston[0]","mode":"managed","type":"aws_instance","name":"baston","index":0,"provider_name":"registry.terraform.io/hashicorp/aws","change":{"actions":["create"],"before":null,"after":{"ami":"ami-0430580de6244e02e","credit_specification":[],"get_password_data":false,"hibernation":null,"instance_type":"t2.micro","key_name":"sbi-web-server","launch_template":[],"root_block_device":[{"delete_on_termination":true,"encrypted":true,"tags":null,"volume_size":10}],"source_dest_check":true,"tags":{"Environment":"Public","Name":"Baston-instance"},"tags_all":{"Environment":"Public","Name":"Baston-instance"},"timeouts":null,"user_data_replace_on_change":false,"volume_tags":null},"after_unknown":{"arn":true,"associate_public_ip_address":true,"availability_zone":true,"capacity_reservation_specification":true,"cpu_core_count":true,"cpu_options":true,"cpu_threads_per_core":true,"credit_specification":[],"disable_api_stop":true,"disable_api_termination":true,"ebs_block_device":true,"ebs_optimized":true,"enclave_options":true,"ephemeral_block_device":true,"host_id":true,"host_resource_group_arn":true,"iam_instance_profile":true,"id":true,"instance_initiated_shutdown_behavior":true,"instance_lifecycle":true,"instance_market_options":true,"instance_state":true,"ipv6_address_count":true,"ipv6_addresses":true,"launch_template":[],"maintenance_options":true,"metadata_options":true,"monitoring":true,"network_interface":true,"outpost_arn":true,"password_data":true,"placement_group":true,"placement_partition_number":true,"primary_network_interface_id":true,"private_dns":true,"private_dns_name_options":true,"private_ip":true,"public_dns":true,"public_ip":true,"root_block_device":[{"device_name":true,"iops":true,"kms_key_id":true,"throughput":true,"volume_id":true,"volume_type":true}],"secondary_private_ips":true,"security_groups":true,"spot_instance_request_id":true,"subnet_id":true,"tags":{},"tags_all":{},"tenancy":true,"user_data":true,"user_data_base64":true,"vpc_security_group_ids":true},"before_sensitive":false,"after_sensitive":{"capacity_reservation_specification":[],"cpu_options":[],"credit_specification":[],"ebs_block_device":[],"enclave_options":[],"ephemeral_block_device":[],"instance_market_options":[],"ipv6_addresses":[],"launch_template":[],"maintenance_options":[],"metadata_options":[],"network_interface":[],"private_dns_name_options":[],"root_block_device":[{}],"secondary_private_ips":[],"security_groups":[],"tags":{},"tags_all":{},"vpc_security_group_ids":[]}}},{"address":"aws_instance.nginx[0]","mode":"managed","type":"aws_instance","name":"nginx","index":0,"provider_name":"registry.terraform.io/hashicorp/aws","change":{"actions":["create"],"before":null,"after":{"ami":"ami-0430580de6244e02e","credit_specification":[],"get_password_data":false,"hibernation":null,"instance_type":"t2.micro","key_name":"sbi-web-server","launch_template":[],"root_block_device":[{"delete_on_termination":true,"encrypted":true,"tags":null,"volume_size":10}],"source_dest_check":true,"tags":{"Environment":"Private","Name":"Private-instance-1"},"tags_all":{"Environment":"Private","Name":"Private-instance-1"},"timeouts":null,"user_data":"22adbffa75307b2bba6d37ebf4d8e832abd0cce5","user_data_replace_on_change":false,"volume_tags":null},"after_unknown":{"arn":true,"associate_public_ip_address":true,"availability_zone":true,"capacity_reservation_specification":true,"cpu_core_count":true,"cpu_options":true,"cpu_threads_per_core":true,"credit_specification":[],"disable_api_stop":true,"disable_api_termination":true,"ebs_block_device":true,"ebs_optimized":true,"enclave_options":true,"ephemeral_block_device":true,"host_id":true,"host_resource_group_arn":true,"iam_instance_profile":true,"id":true,"instance_initiated_shutdown_behavior":true,"instance_lifecycle":true,"instance_market_options":true,"instance_state":true,"ipv6_address_count":true,"ipv6_addresses":true,"launch_template":[],"maintenance_options":true,"metadata_options":true,"monitoring":true,"network_interface":true,"outpost_arn":true,"password_data":true,"placement_group":true,"placement_partition_number":true,"primary_network_interface_id":true,"private_dns":true,"private_dns_name_options":true,"private_ip":true,"public_dns":true,"public_ip":true,"root_block_device":[{"device_name":true,"iops":true,"kms_key_id":true,"throughput":true,"volume_id":true,"volume_type":true}],"secondary_private_ips":true,"security_groups":true,"spot_instance_request_id":true,"subnet_id":true,"tags":{},"tags_all":{},"tenancy":true,"user_data_base64":true,"vpc_security_group_ids":true},"before_sensitive":false,"after_sensitive":{"capacity_reservation_specification":[],"cpu_options":[],"credit_specification":[],"ebs_block_device":[],"enclave_options":[],"ephemeral_block_device":[],"instance_market_options":[],"ipv6_addresses":[],"launch_template":[],"maintenance_options":[],"metadata_options":[],"network_interface":[],"private_dns_name_options":[],"root_block_device":[{}],"secondary_private_ips":[],"security_groups":[],"tags":{},"tags_all":{},"vpc_security_group_ids":[]}}},{"address":"aws_instance.nginx[1]","mode":"managed","type":"aws_instance","name":"nginx","index":1,"provider_name":"registry.terraform.io/hashicorp/aws","change":{"actions":["create"],"before":null,"after":{"ami":"ami-0430580de6244e02e","credit_specification":[],"get_password_data":false,"hibernation":null,"instance_type":"t2.micro","key_name":"sbi-web-server","launch_template":[],"root_block_device":[{"delete_on_termination":true,"encrypted":true,"tags":null,"volume_size":10}],"source_dest_check":true,"tags":{"Environment":"Private","Name":"Private-instance-2"},"tags_all":{"Environment":"Private","Name":"Private-instance-2"},"timeouts":null,"user_data":"22adbffa75307b2bba6d37ebf4d8e832abd0cce5","user_data_replace_on_change":false,"volume_tags":null},"after_unknown":{"arn":true,"associate_public_ip_address":true,"availability_zone":true,"capacity_reservation_specification":true,"cpu_core_count":true,"cpu_options":true,"cpu_threads_per_core":true,"credit_specification":[],"disable_api_stop":true,"disable_api_termination":true,"ebs_block_device":true,"ebs_optimized":true,"enclave_options":true,"ephemeral_block_device":true,"host_id":true,"host_resource_group_arn":true,"iam_instance_profile":true,"id":true,"instance_initiated_shutdown_behavior":true,"instance_lifecycle":true,"instance_market_options":true,"instance_state":true,"ipv6_address_count":true,"ipv6_addresses":true,"launch_template":[],"maintenance_options":true,"metadata_options":true,"monitoring":true,"network_interface":true,"outpost_arn":true,"password_data":true,"placement_group":true,"placement_partition_number":true,"primary_network_interface_id":true,"private_dns":true,"private_dns_name_options":true,"private_ip":true,"public_dns":true,"public_ip":true,"root_block_device":[{"device_name":true,"iops":true,"kms_key_id":true,"throughput":true,"volume_id":true,"volume_type":true}],"secondary_private_ips":true,"security_groups":true,"spot_instance_request_id":true,"subnet_id":true,"tags":{},"tags_all":{},"tenancy":true,"user_data_base64":true,"vpc_security_group_ids":true},"before_sensitive":false,"after_sensitive":{"capacity_reservation_specification":[],"cpu_options":[],"credit_specification":[],"ebs_block_device":[],"enclave_options":[],"ephemeral_block_device":[],"instance_market_options":[],"ipv6_addresses":[],"launch_template":[],"maintenance_options":[],"metadata_options":[],"network_interface":[],"private_dns_name_options":[],"root_block_device":[{}],"secondary_private_ips":[],"security_groups":[],"tags":{},"tags_all":{},"vpc_security_group_ids":[]}}},{"address":"aws_internet_gateway.kerol","mode":"managed","type":"aws_internet_gateway","name":"kerol","provider_name":"registry.terraform.io/hashicorp/aws","change":{"actions":["create"],"before":null,"after":{"tags":{"Name":"kerol-igw","Owner":"Ranjeet JADHAV","Project":"Terraform"},"tags_all":{"Name":"kerol-igw","Owner":"Ranjeet JADHAV","Project":"Terraform"},"timeouts":null},"after_unknown":{"arn":true,"id":true,"owner_id":true,"tags":{},"tags_all":{},"vpc_id":true},"before_sensitive":false,"after_sensitive":{"tags":{},"tags_all":{}}}},{"address":"aws_lb.network","mode":"managed","type":"aws_lb","name":"network","provider_name":"registry.terraform.io/hashicorp/aws","change":{"actions":["create"],"before":null,"after":{"access_logs":[],"customer_owned_ipv4_pool":null,"desync_mitigation_mode":null,"drop_invalid_header_fields":null,"enable_cross_zone_load_balancing":false,"enable_deletion_protection":false,"enable_http2":null,"enable_tls_version_and_cipher_suite_headers":null,"enable_waf_fail_open":null,"enable_xff_client_port":null,"idle_timeout":null,"load_balancer_type":"network","name":"kerol-nlb","name_prefix":null,"preserve_host_header":null,"tags":{"Name":"kerol-nlb","Owner":"Ranjeet JADHAV","Project":"Terraform"},"tags_all":{"Name":"kerol-nlb","Owner":"Ranjeet JADHAV","Project":"Terraform"},"timeouts":null,"xff_header_processing_mode":null},"after_unknown":{"access_logs":[],"arn":true,"arn_suffix":true,"dns_name":true,"id":true,"internal":true,"ip_address_type":true,"security_groups":true,"subnet_mapping":true,"subnets":true,"tags":{},"tags_all":{},"vpc_id":true,"zone_id":true},"before_sensitive":false,"after_sensitive":{"access_logs":[],"security_groups":[],"subnet_mapping":[],"subnets":[],"tags":{},"tags_all":{}}}},{"address":"aws_lb_listener.network","mode":"managed","type":"aws_lb_listener","name":"network","provider_name":"registry.terraform.io/hashicorp/aws","change":{"actions":["create"],"before":null,"after":{"alpn_policy":null,"certificate_arn":null,"default_action":[{"authenticate_cognito":[],"authenticate_oidc":[],"fixed_response":[],"forward":[],"redirect":[],"type":"forward"}],"port":80,"protocol":"TCP","tags":null,"timeouts":null},"after_unknown":{"arn":true,"default_action":[{"authenticate_cognito":[],"authenticate_oidc":[],"fixed_response":[],"forward":[],"order":true,"redirect":[],"target_group_arn":true}],"id":true,"load_balancer_arn":true,"ssl_policy":true,"tags_all":true},"before_sensitive":false,"after_sensitive":{"default_action":[{"authenticate_cognito":[],"authenticate_oidc":[],"fixed_response":[],"forward":[],"redirect":[]}],"tags_all":{}}}},{"address":"aws_lb_target_group.network","mode":"managed","type":"aws_lb_target_group","name":"network","provider_name":"registry.terraform.io/hashicorp/aws","change":{"actions":["create"],"before":null,"after":{"connection_termination":false,"deregistration_delay":"300","health_check":[{"enabled":true,"healthy_threshold":3,"interval":30,"port":"80","protocol":"HTTP","unhealthy_threshold":3}],"lambda_multi_value_headers_enabled":false,"name":"kerol-nlb-target-group","name_prefix":null,"port":80,"protocol":"TCP","proxy_protocol_v2":false,"slow_start":0,"tags":null,"target_type":"instance"},"after_unknown":{"arn":true,"arn_suffix":true,"health_check":[{"matcher":true,"path":true,"timeout":true}],"id":true,"ip_address_type":true,"load_balancing_algorithm_type":true,"load_balancing_cross_zone_enabled":true,"preserve_client_ip":true,"protocol_version":true,"stickiness":true,"tags_all":true,"target_failover":true,"vpc_id":true},"before_sensitive":false,"after_sensitive":{"health_check":[{}],"stickiness":[],"tags_all":{},"target_failover":[]}}},{"address":"aws_lb_target_group_attachment.private_instances[0]","mode":"managed","type":"aws_lb_target_group_attachment","name":"private_instances","index":0,"provider_name":"registry.terraform.io/hashicorp/aws","change":{"actions":["create"],"before":null,"after":{"availability_zone":null,"port":null},"after_unknown":{"id":true,"target_group_arn":true,"target_id":true},"before_sensitive":false,"after_sensitive":{}}},{"address":"aws_lb_target_group_attachment.private_instances[1]","mode":"managed","type":"aws_lb_target_group_attachment","name":"private_instances","index":1,"provider_name":"registry.terraform.io/hashicorp/aws","change":{"actions":["create"],"before":null,"after":{"availability_zone":null,"port":null},"after_unknown":{"id":true,"target_group_arn":true,"target_id":true},"before_sensitive":false,"after_sensitive":{}}},{"address":"aws_nat_gateway.nat","mode":"managed","type":"aws_nat_gateway","name":"nat","provider_name":"registry.terraform.io/hashicorp/aws","change":{"actions":["create"],"before":null,"after":{"connectivity_type":"public","secondary_allocation_ids":null,"tags":{"Name":"kerol-nat-gw","Owner":"Ranjeet JADHAV","Project":"Terraform"},"tags_all":{"Name":"kerol-nat-gw","Owner":"Ranjeet JADHAV","Project":"Terraform"},"timeouts":null},"after_unknown":{"allocation_id":true,"association_id":true,"id":true,"network_interface_id":true,"private_ip":true,"public_ip":true,"secondary_private_ip_address_count":true,"secondary_private_ip_addresses":true,"subnet_id":true,"tags":{},"tags_all":{}},"before_sensitive":false,"after_sensitive":{"secondary_private_ip_addresses":[],"tags":{},"tags_all":{}}}},{"address":"aws_route_table.private_subnets","mode":"managed","type":"aws_route_table","name":"private_subnets","provider_name":"registry.terraform.io/hashicorp/aws","change":{"actions":["create"],"before":null,"after":{"route":[{"carrier_gateway_id":"","cidr_block":"0.0.0.0/0","core_network_arn":"","destination_prefix_list_id":"","egress_only_gateway_id":"","gateway_id":"","ipv6_cidr_block":"","local_gateway_id":"","network_interface_id":"","transit_gateway_id":"","vpc_endpoint_id":"","vpc_peering_connection_id":""}],"tags":{"Name":"kerol-route-private-subnet","Owner":"Ranjeet JADHAV","Project":"Terraform"},"tags_all":{"Name":"kerol-route-private-subnet","Owner":"Ranjeet JADHAV","Project":"Terraform"},"timeouts":null},"after_unknown":{"arn":true,"id":true,"owner_id":true,"propagating_vgws":true,"route":[{"nat_gateway_id":true}],"tags":{},"tags_all":{},"vpc_id":true},"before_sensitive":false,"after_sensitive":{"propagating_vgws":[],"route":[{}],"tags":{},"tags_all":{}}}},{"address":"aws_route_table.public_subnets","mode":"managed","type":"aws_route_table","name":"public_subnets","provider_name":"registry.terraform.io/hashicorp/aws","change":{"actions":["create"],"before":null,"after":{"route":[{"carrier_gateway_id":"","cidr_block":"0.0.0.0/0","core_network_arn":"","destination_prefix_list_id":"","egress_only_gateway_id":"","ipv6_cidr_block":"","local_gateway_id":"","nat_gateway_id":"","network_interface_id":"","transit_gateway_id":"","vpc_endpoint_id":"","vpc_peering_connection_id":""}],"tags":{"Name":"kerol-route-public-subnets","Owner":"Ranjeet JADHAV","Project":"Terraform"},"tags_all":{"Name":"kerol-route-public-subnets","Owner":"Ranjeet JADHAV","Project":"Terraform"},"timeouts":null},"after_unknown":{"arn":true,"id":true,"owner_id":true,"propagating_vgws":true,"route":[{"gateway_id":true}],"tags":{},"tags_all":{},"vpc_id":true},"before_sensitive":false,"after_sensitive":{"propagating_vgws":[],"route":[{}],"tags":{},"tags_all":{}}}},{"address":"aws_route_table_association.private_routes[0]","mode":"managed","type":"aws_route_table_association","name":"private_routes","index":0,"provider_name":"registry.terraform.io/hashicorp/aws","change":{"actions":["create"],"before":null,"after":{"gateway_id":null,"timeouts":null},"after_unknown":{"id":true,"route_table_id":true,"subnet_id":true},"before_sensitive":false,"after_sensitive":{}}},{"address":"aws_route_table_association.private_routes[1]","mode":"managed","type":"aws_route_table_association","name":"private_routes","index":1,"provider_name":"registry.terraform.io/hashicorp/aws","change":{"actions":["create"],"before":null,"after":{"gateway_id":null,"timeouts":null},"after_unknown":{"id":true,"route_table_id":true,"subnet_id":true},"before_sensitive":false,"after_sensitive":{}}},{"address":"aws_route_table_association.public_routes[0]","mode":"managed","type":"aws_route_table_association","name":"public_routes","index":0,"provider_name":"registry.terraform.io/hashicorp/aws","change":{"actions":["create"],"before":null,"after":{"gateway_id":null,"timeouts":null},"after_unknown":{"id":true,"route_table_id":true,"subnet_id":true},"before_sensitive":false,"after_sensitive":{}}},{"address":"aws_route_table_association.public_routes[1]","mode":"managed","type":"aws_route_table_association","name":"public_routes","index":1,"provider_name":"registry.terraform.io/hashicorp/aws","change":{"actions":["create"],"before":null,"after":{"gateway_id":null,"timeouts":null},"after_unknown":{"id":true,"route_table_id":true,"subnet_id":true},"before_sensitive":false,"after_sensitive":{}}},{"address":"aws_security_group.baston","mode":"managed","type":"aws_security_group","name":"baston","provider_name":"registry.terraform.io/hashicorp/aws","change":{"actions":["create"],"before":null,"after":{"description":"Managed by Terraform","egress":[{"cidr_blocks":["10.0.11.0/24","10.0.22.0/24"],"description":"","from_port":22,"ipv6_cidr_blocks":[],"prefix_list_ids":[],"protocol":"tcp","security_groups":[],"self":false,"to_port":22}],"ingress":[{"cidr_blocks":["152.58.31.195/32"],"description":"","from_port":22,"ipv6_cidr_blocks":[],"prefix_list_ids":[],"protocol":"tcp","security_groups":[],"self":false,"to_port":22}],"name_prefix":"kerol-baston-sg","revoke_rules_on_delete":false,"tags":null,"timeouts":null},"after_unknown":{"arn":true,"egress":[{"cidr_blocks":[false,false],"ipv6_cidr_blocks":[],"prefix_list_ids":[],"security_groups":[]}],"id":true,"ingress":[{"cidr_blocks":[false],"ipv6_cidr_blocks":[],"prefix_list_ids":[],"security_groups":[]}],"name":true,"owner_id":true,"tags_all":true,"vpc_id":true},"before_sensitive":false,"after_sensitive":{"egress":[{"cidr_blocks":[false,false],"ipv6_cidr_blocks":[],"prefix_list_ids":[],"security_groups":[]}],"ingress":[{"cidr_blocks":[false],"ipv6_cidr_blocks":[],"prefix_list_ids":[],"security_groups":[]}],"tags_all":{}}}},{"address":"aws_security_group.nlb","mode":"managed","type":"aws_security_group","name":"nlb","provider_name":"registry.terraform.io/hashicorp/aws","change":{"actions":["create"],"before":null,"after":{"description":"Managed by Terraform","egress":[{"cidr_blocks":["10.0.11.0/24","10.0.22.0/24"],"description":"","from_port":80,"ipv6_cidr_blocks":[],"prefix_list_ids":[],"protocol":"tcp","security_groups":[],"self":false,"to_port":80}],"ingress":[{"cidr_blocks":["0.0.0.0/0"],"description":"","from_port":80,"ipv6_cidr_blocks":[],"prefix_list_ids":[],"protocol":"tcp","security_groups":[],"self":false,"to_port":80}],"name_prefix":"kerol-nlb-sg","revoke_rules_on_delete":false,"tags":null,"timeouts":null},"after_unknown":{"arn":true,"egress":[{"cidr_blocks":[false,false],"ipv6_cidr_blocks":[],"prefix_list_ids":[],"security_groups":[]}],"id":true,"ingress":[{"cidr_blocks":[false],"ipv6_cidr_blocks":[],"prefix_list_ids":[],"security_groups":[]}],"name":true,"owner_id":true,"tags_all":true,"vpc_id":true},"before_sensitive":false,"after_sensitive":{"egress":[{"cidr_blocks":[false,false],"ipv6_cidr_blocks":[],"prefix_list_ids":[],"security_groups":[]}],"ingress":[{"cidr_blocks":[false],"ipv6_cidr_blocks":[],"prefix_list_ids":[],"security_groups":[]}],"tags_all":{}}}},{"address":"aws_security_group.private_instances","mode":"managed","type":"aws_security_group","name":"private_instances","provider_name":"registry.terraform.io/hashicorp/aws","change":{"actions":["create"],"before":null,"after":{"description":"Managed by Terraform","egress":[{"cidr_blocks":["0.0.0.0/0"],"description":"","from_port":0,"ipv6_cidr_blocks":[],"prefix_list_ids":[],"protocol":"-1","security_groups":[],"self":false,"to_port":0}],"ingress":[{"cidr_blocks":[],"description":"","from_port":80,"ipv6_cidr_blocks":[],"prefix_list_ids":[],"protocol":"tcp","self":false,"to_port":80}],"name_prefix":"kerol-private-instances-sg","revoke_rules_on_delete":false,"tags":null,"timeouts":null},"after_unknown":{"arn":true,"egress":[{"cidr_blocks":[false],"ipv6_cidr_blocks":[],"prefix_list_ids":[],"security_groups":[]}],"id":true,"ingress":[{"cidr_blocks":[],"ipv6_cidr_blocks":[],"prefix_list_ids":[],"security_groups":true}],"name":true,"owner_id":true,"tags_all":true,"vpc_id":true},"before_sensitive":false,"after_sensitive":{"egress":[{"cidr_blocks":[false],"ipv6_cidr_blocks":[],"prefix_list_ids":[],"security_groups":[]}],"ingress":[{"cidr_blocks":[],"ipv6_cidr_blocks":[],"prefix_list_ids":[],"security_groups":[]}],"tags_all":{}}}},{"address":"aws_security_group_rule.ssh_from_baston","mode":"managed","type":"aws_security_group_rule","name":"ssh_from_baston","provider_name":"registry.terraform.io/hashicorp/aws","change":{"actions":["create"],"before":null,"after":{"description":null,"from_port":22,"ipv6_cidr_blocks":null,"prefix_list_ids":null,"protocol":"tcp","self":false,"timeouts":null,"to_port":22,"type":"ingress"},"after_unknown":{"cidr_blocks":true,"id":true,"security_group_id":true,"security_group_rule_id":true,"source_security_group_id":true},"before_sensitive":false,"after_sensitive":{"cidr_blocks":[]}}},{"address":"aws_subnet.private_subnets[0]","mode":"managed","type":"aws_subnet","name":"private_subnets","index":0,"provider_name":"registry.terraform.io/hashicorp/aws","change":{"actions":["create"],"before":null,"after":{"assign_ipv6_address_on_creation":false,"availability_zone":"us-east-2a","cidr_block":"10.0.11.0/24","customer_owned_ipv4_pool":null,"enable_dns64":false,"enable_lni_at_device_index":null,"enable_resource_name_dns_a_record_on_launch":false,"enable_resource_name_dns_aaaa_record_on_launch":false,"ipv6_cidr_block":null,"ipv6_native":false,"map_customer_owned_ip_on_launch":null,"map_public_ip_on_launch":false,"outpost_arn":null,"tags":{"Name":"kerol-private-1","Owner":"Ranjeet JADHAV","Project":"Terraform"},"tags_all":{"Name":"kerol-private-1","Owner":"Ranjeet JADHAV","Project":"Terraform"},"timeouts":null},"after_unknown":{"arn":true,"availability_zone_id":true,"id":true,"ipv6_cidr_block_association_id":true,"owner_id":true,"private_dns_hostname_type_on_launch":true,"tags":{},"tags_all":{},"vpc_id":true},"before_sensitive":false,"after_sensitive":{"tags":{},"tags_all":{}}}},{"address":"aws_subnet.private_subnets[1]","mode":"managed","type":"aws_subnet","name":"private_subnets","index":1,"provider_name":"registry.terraform.io/hashicorp/aws","change":{"actions":["create"],"before":null,"after":{"assign_ipv6_address_on_creation":false,"availability_zone":"us-east-2b","cidr_block":"10.0.22.0/24","customer_owned_ipv4_pool":null,"enable_dns64":false,"enable_lni_at_device_index":null,"enable_resource_name_dns_a_record_on_launch":false,"enable_resource_name_dns_aaaa_record_on_launch":false,"ipv6_cidr_block":null,"ipv6_native":false,"map_customer_owned_ip_on_launch":null,"map_public_ip_on_launch":false,"outpost_arn":null,"tags":{"Name":"kerol-private-2","Owner":"Ranjeet JADHAV","Project":"Terraform"},"tags_all":{"Name":"kerol-private-2","Owner":"Ranjeet JADHAV","Project":"Terraform"},"timeouts":null},"after_unknown":{"arn":true,"availability_zone_id":true,"id":true,"ipv6_cidr_block_association_id":true,"owner_id":true,"private_dns_hostname_type_on_launch":true,"tags":{},"tags_all":{},"vpc_id":true},"before_sensitive":false,"after_sensitive":{"tags":{},"tags_all":{}}}},{"address":"aws_subnet.public_subnets[0]","mode":"managed","type":"aws_subnet","name":"public_subnets","index":0,"provider_name":"registry.terraform.io/hashicorp/aws","change":{"actions":["create"],"before":null,"after":{"assign_ipv6_address_on_creation":false,"availability_zone":"us-east-2a","cidr_block":"10.0.1.0/24","customer_owned_ipv4_pool":null,"enable_dns64":false,"enable_lni_at_device_index":null,"enable_resource_name_dns_a_record_on_launch":false,"enable_resource_name_dns_aaaa_record_on_launch":false,"ipv6_cidr_block":null,"ipv6_native":false,"map_customer_owned_ip_on_launch":null,"map_public_ip_on_launch":true,"outpost_arn":null,"tags":{"Name":"kerol-public-1","Owner":"Ranjeet JADHAV","Project":"Terraform"},"tags_all":{"Name":"kerol-public-1","Owner":"Ranjeet JADHAV","Project":"Terraform"},"timeouts":null},"after_unknown":{"arn":true,"availability_zone_id":true,"id":true,"ipv6_cidr_block_association_id":true,"owner_id":true,"private_dns_hostname_type_on_launch":true,"tags":{},"tags_all":{},"vpc_id":true},"before_sensitive":false,"after_sensitive":{"tags":{},"tags_all":{}}}},{"address":"aws_subnet.public_subnets[1]","mode":"managed","type":"aws_subnet","name":"public_subnets","index":1,"provider_name":"registry.terraform.io/hashicorp/aws","change":{"actions":["create"],"before":null,"after":{"assign_ipv6_address_on_creation":false,"availability_zone":"us-east-2b","cidr_block":"10.0.2.0/24","customer_owned_ipv4_pool":null,"enable_dns64":false,"enable_lni_at_device_index":null,"enable_resource_name_dns_a_record_on_launch":false,"enable_resource_name_dns_aaaa_record_on_launch":false,"ipv6_cidr_block":null,"ipv6_native":false,"map_customer_owned_ip_on_launch":null,"map_public_ip_on_launch":true,"outpost_arn":null,"tags":{"Name":"kerol-public-2","Owner":"Ranjeet JADHAV","Project":"Terraform"},"tags_all":{"Name":"kerol-public-2","Owner":"Ranjeet JADHAV","Project":"Terraform"},"timeouts":null},"after_unknown":{"arn":true,"availability_zone_id":true,"id":true,"ipv6_cidr_block_association_id":true,"owner_id":true,"private_dns_hostname_type_on_launch":true,"tags":{},"tags_all":{},"vpc_id":true},"before_sensitive":false,"after_sensitive":{"tags":{},"tags_all":{}}}},{"address":"aws_vpc.kerol","mode":"managed","type":"aws_vpc","name":"kerol","provider_name":"registry.terraform.io/hashicorp/aws","change":{"actions":["create"],"before":null,"after":{"assign_generated_ipv6_cidr_block":null,"cidr_block":"10.0.0.0/16","enable_dns_support":true,"instance_tenancy":"default","ipv4_ipam_pool_id":null,"ipv4_netmask_length":null,"ipv6_ipam_pool_id":null,"ipv6_netmask_length":null,"tags":{"Name":"kerol-vpc","Owner":"Ranjeet JADHAV","Project":"Terraform"},"tags_all":{"Name":"kerol-vpc","Owner":"Ranjeet JADHAV","Project":"Terraform"}},"after_unknown":{"arn":true,"default_network_acl_id":true,"default_route_table_id":true,"default_security_group_id":true,"dhcp_options_id":true,"enable_dns_hostnames":true,"enable_network_address_usage_metrics":true,"id":true,"ipv6_association_id":true,"ipv6_cidr_block":true,"ipv6_cidr_block_network_border_group":true,"main_route_table_id":true,"owner_id":true,"tags":{},"tags_all":{}},"before_sensitive":false,"after_sensitive":{"tags":{},"tags_all":{}}}}],"output_changes":{"nlb_dns_name":{"actions":["create"],"before":null,"after_unknown":true,"before_sensitive":false,"after_sensitive":false},"private_subnet_ids":{"actions":["create"],"before":null,"after":[null,null],"after_unknown":[true,true],"before_sensitive":false,"after_sensitive":false},"public_subnet_ids":{"actions":["create"],"before":null,"after":[null,null],"after_unknown":[true,true],"before_sensitive":false,"after_sensitive":false},"server_public_ips":{"actions":["create"],"before":null,"after":[null,null],"after_unknown":[true,true],"before_sensitive":false,"after_sensitive":false},"vpc_cidr":{"actions":["create"],"before":null,"after":"10.0.0.0/16","after_unknown":false,"before_sensitive":false,"after_sensitive":false},"vpc_id":{"actions":["create"],"before":null,"after_unknown":true,"before_sensitive":false,"after_sensitive":false}},"prior_state":{"format_version":"1.0","terraform_version":"1.5.1","values":{"outputs":{"vpc_cidr":{"sensitive":false,"value":"10.0.0.0/16","type":"string"}},"root_module":{"resources":[{"address":"data.aws_availability_zones.available","mode":"data","type":"aws_availability_zones","name":"available","provider_name":"registry.terraform.io/hashicorp/aws","schema_version":0,"values":{"all_availability_zones":null,"exclude_names":null,"exclude_zone_ids":null,"filter":null,"group_names":["us-east-2"],"id":"us-east-2","names":["us-east-2a","us-east-2b","us-east-2c"],"state":null,"timeouts":null,"zone_ids":["use2-az1","use2-az2","use2-az3"]},"sensitive_values":{"group_names":[false],"names":[false,false,false],"zone_ids":[false,false,false]}}]}}},"configuration":{"provider_config":{"aws":{"name":"aws","full_name":"registry.terraform.io/hashicorp/aws","expressions":{"region":{"constant_value":"us-east-2"}}}},"root_module":{"outputs":{"nlb_dns_name":{"expression":{"references":["aws_lb.network.dns_name","aws_lb.network"]}},"private_subnet_ids":{"expression":{"references":["aws_subnet.private_subnets"]}},"public_subnet_ids":{"expression":{"references":["aws_subnet.public_subnets"]}},"server_public_ips":{"expression":{"references":["aws_instance.nginx"]}},"vpc_cidr":{"expression":{"references":["aws_vpc.kerol.cidr_block","aws_vpc.kerol"]}},"vpc_id":{"expression":{"references":["aws_vpc.kerol.id","aws_vpc.kerol"]}}},"resources":[{"address":"aws_eip.nat","mode":"managed","type":"aws_eip","name":"nat","provider_config_key":"aws","expressions":{"tags":{"references":["var.tags","var.env"]},"vpc":{"constant_value":true}},"schema_version":0},{"address":"aws_instance.baston","mode":"managed","type":"aws_instance","name":"baston","provider_config_key":"aws","expressions":{"ami":{"references":["var.ami"]},"instance_type":{"references":["var.instance_size"]},"key_name":{"references":["var.key_pair"]},"root_block_device":[{"encrypted":{"constant_value":"true"},"volume_size":{"constant_value":10}}],"subnet_id":{"references":["aws_subnet.public_subnets","count.index"]},"tags":{"constant_value":{"Environment":"Public","Name":"Baston-instance"}},"vpc_security_group_ids":{"references":["aws_security_group.baston.id","aws_security_group.baston"]}},"schema_version":1,"count_expression":{"constant_value":1}},{"address":"aws_instance.nginx","mode":"managed","type":"aws_instance","name":"nginx","provider_config_key":"aws","expressions":{"ami":{"references":["var.ami"]},"instance_type":{"references":["var.instance_size"]},"key_name":{"references":["var.key_pair"]},"root_block_device":[{"encrypted":{"constant_value":"true"},"volume_size":{"constant_value":10}}],"subnet_id":{"references":["aws_subnet.private_subnets","count.index"]},"tags":{"references":["count.index"]},"user_data":{},"vpc_security_group_ids":{"references":["aws_security_group.private_instances.id","aws_security_group.private_instances"]}},"schema_version":1,"count_expression":{"constant_value":2}},{"address":"aws_internet_gateway.kerol","mode":"managed","type":"aws_internet_gateway","name":"kerol","provider_config_key":"aws","expressions":{"tags":{"references":["var.tags","var.env"]},"vpc_id":{"references":["aws_vpc.kerol.id","aws_vpc.kerol"]}},"schema_version":0},{"address":"aws_lb.network","mode":"managed","type":"aws_lb","name":"network","provider_config_key":"aws","expressions":{"enable_deletion_protection":{"constant_value":false},"load_balancer_type":{"constant_value":"network"},"name":{"references":["var.env"]},"security_groups":{"references":["aws_security_group.nlb.id","aws_security_group.nlb"]},"subnets":{"references":["aws_subnet.public_subnets"]},"tags":{"references":["var.tags","var.env"]}},"schema_version":0},{"address":"aws_lb_listener.network","mode":"managed","type":"aws_lb_listener","name":"network","provider_config_key":"aws","expressions":{"default_action":[{"target_group_arn":{"references":["aws_lb_target_group.network.arn","aws_lb_target_group.network"]},"type":{"constant_value":"forward"}}],"load_balancer_arn":{"references":["aws_lb.network.arn","aws_lb.network"]},"port":{"constant_value":80},"protocol":{"constant_value":"TCP"}},"schema_version":0},{"address":"aws_lb_target_group.network","mode":"managed","type":"aws_lb_target_group","name":"network","provider_config_key":"aws","expressions":{"health_check":[{"port":{"constant_value":80}}],"name":{"references":["var.env"]},"port":{"constant_value":80},"protocol":{"constant_value":"TCP"},"vpc_id":{"references":["aws_vpc.kerol.id","aws_vpc.kerol"]}},"schema_version":0},{"address":"aws_lb_target_group_attachment.private_instances","mode":"managed","type":"aws_lb_target_group_attachment","name":"private_instances","provider_config_key":"aws","expressions":{"target_group_arn":{"references":["aws_lb_target_group.network.arn","aws_lb_target_group.network"]},"target_id":{"references":["aws_instance.nginx","count.index"]}},"schema_version":0,"count_expression":{"constant_value":2}},{"address":"aws_nat_gateway.nat","mode":"managed","type":"aws_nat_gateway","name":"nat","provider_config_key":"aws","expressions":{"allocation_id":{"references":["aws_eip.nat.id","aws_eip.nat"]},"subnet_id":{"references":["aws_subnet.public_subnets[0].id","aws_subnet.public_subnets[0]","aws_subnet.public_subnets"]},"tags":{"references":["var.tags","var.env"]}},"schema_version":0},{"address":"aws_route_table.private_subnets","mode":"managed","type":"aws_route_table","name":"private_subnets","provider_config_key":"aws","expressions":{"route":{"references":["aws_nat_gateway.nat.id","aws_nat_gateway.nat"]},"tags":{"references":["var.tags","var.env"]},"vpc_id":{"references":["aws_vpc.kerol.id","aws_vpc.kerol"]}},"schema_version":0},{"address":"aws_route_table.public_subnets","mode":"managed","type":"aws_route_table","name":"public_subnets","provider_config_key":"aws","expressions":{"route":{"references":["aws_internet_gateway.kerol.id","aws_internet_gateway.kerol"]},"tags":{"references":["var.tags","var.env"]},"vpc_id":{"references":["aws_vpc.kerol.id","aws_vpc.kerol"]}},"schema_version":0},{"address":"aws_route_table_association.private_routes","mode":"managed","type":"aws_route_table_association","name":"private_routes","provider_config_key":"aws","expressions":{"route_table_id":{"references":["aws_route_table.private_subnets.id","aws_route_table.private_subnets"]},"subnet_id":{"references":["aws_subnet.private_subnets","count.index"]}},"schema_version":0,"count_expression":{"references":["aws_subnet.private_subnets"]}},{"address":"aws_route_table_association.public_routes","mode":"managed","type":"aws_route_table_association","name":"public_routes","provider_config_key":"aws","expressions":{"route_table_id":{"references":["aws_route_table.public_subnets.id","aws_route_table.public_subnets"]},"subnet_id":{"references":["aws_subnet.public_subnets","count.index"]}},"schema_version":0,"count_expression":{"references":["aws_subnet.public_subnets"]}},{"address":"aws_security_group.baston","mode":"managed","type":"aws_security_group","name":"baston","provider_config_key":"aws","expressions":{"egress":{"references":["aws_subnet.private_subnets"]},"ingress":{"constant_value":[{"cidr_blocks":["152.58.31.195/32"],"description":null,"from_port":22,"ipv6_cidr_blocks":null,"prefix_list_ids":null,"protocol":"tcp","security_groups":null,"self":null,"to_port":22}]},"name_prefix":{"references":["var.env"]},"vpc_id":{"references":["aws_vpc.kerol.id","aws_vpc.kerol"]}},"schema_version":1},{"address":"aws_security_group.nlb","mode":"managed","type":"aws_security_group","name":"nlb","provider_config_key":"aws","expressions":{"egress":{"references":["aws_subnet.private_subnets"]},"ingress":{"constant_value":[{"cidr_blocks":["0.0.0.0/0"],"description":null,"from_port":80,"ipv6_cidr_blocks":null,"prefix_list_ids":null,"protocol":"tcp","security_groups":null,"self":null,"to_port":80}]},"name_prefix":{"references":["var.env"]},"vpc_id":{"references":["aws_vpc.kerol.id","aws_vpc.kerol"]}},"schema_version":1},{"address":"aws_security_group.private_instances","mode":"managed","type":"aws_security_group","name":"private_instances","provider_config_key":"aws","expressions":{"egress":{"constant_value":[{"cidr_blocks":["0.0.0.0/0"],"description":null,"from_port":0,"ipv6_cidr_blocks":null,"prefix_list_ids":null,"protocol":"-1","security_groups":null,"self":null,"to_port":0}]},"ingress":{"references":["aws_security_group.nlb.id","aws_security_group.nlb"]},"name_prefix":{"references":["var.env"]},"vpc_id":{"references":["aws_vpc.kerol.id","aws_vpc.kerol"]}},"schema_version":1},{"address":"aws_security_group_rule.ssh_from_baston","mode":"managed","type":"aws_security_group_rule","name":"ssh_from_baston","provider_config_key":"aws","expressions":{"cidr_blocks":{"references":["aws_instance.baston[0].private_ip","aws_instance.baston[0]","aws_instance.baston"]},"from_port":{"constant_value":22},"protocol":{"constant_value":"tcp"},"security_group_id":{"references":["aws_security_group.private_instances.id","aws_security_group.private_instances"]},"to_port":{"constant_value":22},"type":{"constant_value":"ingress"}},"schema_version":2},{"address":"aws_subnet.private_subnets","mode":"managed","type":"aws_subnet","name":"private_subnets","provider_config_key":"aws","expressions":{"availability_zone":{"references":["data.aws_availability_zones.available.names","data.aws_availability_zones.available","count.index"]},"cidr_block":{"references":["var.private_subnet_cidrs","count.index"]},"tags":{"references":["var.tags","var.env","count.index"]},"vpc_id":{"references":["aws_vpc.kerol.id","aws_vpc.kerol"]}},"schema_version":1,"count_expression":{"references":["var.private_subnet_cidrs"]}},{"address":"aws_subnet.public_subnets","mode":"managed","type":"aws_subnet","name":"public_subnets","provider_config_key":"aws","expressions":{"availability_zone":{"references":["data.aws_availability_zones.available.names","data.aws_availability_zones.available","count.index"]},"cidr_block":{"references":["var.public_subnet_cidrs","count.index"]},"map_public_ip_on_launch":{"constant_value":true},"tags":{"references":["var.tags","var.env","count.index"]},"vpc_id":{"references":["aws_vpc.kerol.id","aws_vpc.kerol"]}},"schema_version":1,"count_expression":{"references":["var.public_subnet_cidrs"]}},{"address":"aws_vpc.kerol","mode":"managed","type":"aws_vpc","name":"kerol","provider_config_key":"aws","expressions":{"cidr_block":{"references":["var.vpc_cidr"]},"tags":{"references":["var.tags","var.env"]}},"schema_version":1},{"address":"data.aws_availability_zones.available","mode":"data","type":"aws_availability_zones","name":"available","provider_config_key":"aws","schema_version":0}],"variables":{"ami":{},"env":{"default":"kerol"},"instance_size":{},"key_pair":{},"private_subnet_cidrs":{"default":["10.0.11.0/24","10.0.22.0/24"]},"public_subnet_cidrs":{"default":["10.0.1.0/24","10.0.2.0/24"]},"tags":{"default":{"Owner":"Ranjeet JADHAV","Project":"Terraform"}},"vpc_cidr":{"default":"10.0.0.0/16"}}}},"relevant_attributes":[{"resource":"aws_eip.nat","attribute":["id"]},{"resource":"aws_subnet.private_subnets","attribute":[]},{"resource":"data.aws_availability_zones.available","attribute":["names"]},{"resource":"aws_route_table.public_subnets","attribute":["id"]},{"resource":"aws_lb_target_group.network","attribute":["arn"]},{"resource":"aws_vpc.kerol","attribute":["cidr_block"]},{"resource":"aws_vpc.kerol","attribute":["id"]},{"resource":"aws_subnet.public_subnets[0]","attribute":["id"]},{"resource":"aws_security_group.nlb","attribute":["id"]},{"resource":"aws_security_group.baston","attribute":["id"]},{"resource":"aws_instance.nginx","attribute":[]},{"resource":"aws_internet_gateway.kerol","attribute":["id"]},{"resource":"aws_subnet.public_subnets","attribute":[]},{"resource":"aws_nat_gateway.nat","attribute":["id"]},{"resource":"aws_route_table.private_subnets","attribute":["id"]},{"resource":"aws_lb.network","attribute":["arn"]},{"resource":"aws_security_group.private_instances","attribute":["id"]},{"resource":"aws_instance.baston[0]","attribute":["private_ip"]},{"resource":"aws_lb.network","attribute":["dns_name"]}],"timestamp":"2023-09-17T11:11:53Z"}
