{
  "version": 4,
  "terraform_version": "1.5.1",
  "serial": 76,
  "lineage": "496dbb9e-7828-b896-edf8-8d7c26162379",
  "outputs": {
    "aws_subnet_id": {
      "value": "subnet-0b3bd6c2da4d06251",
      "type": "string"
    }
  },
  "resources": [
    {
      "mode": "data",
      "type": "aws_availability_zones",
      "name": "available",
      "provider": "provider[\"registry.terraform.io/hashicorp/aws\"]",
      "instances": [
        {
          "schema_version": 0,
          "attributes": {
            "all_availability_zones": null,
            "exclude_names": null,
            "exclude_zone_ids": null,
            "filter": null,
            "group_names": [
              "us-east-2"
            ],
            "id": "us-east-2",
            "names": [
              "us-east-2a",
              "us-east-2b",
              "us-east-2c"
            ],
            "state": null,
            "timeouts": null,
            "zone_ids": [
              "use2-az1",
              "use2-az2",
              "use2-az3"
            ]
          },
          "sensitive_attributes": []
        }
      ]
    },
    {
      "mode": "managed",
      "type": "aws_eip",
      "name": "nat",
      "provider": "provider[\"registry.terraform.io/hashicorp/aws\"]",
      "instances": [
        {
          "schema_version": 0,
          "attributes": {
            "address": null,
            "allocation_id": "eipalloc-0adb63941a805be29",
            "associate_with_private_ip": null,
            "association_id": "eipassoc-0e461e01b4ec24b65",
            "carrier_ip": "",
            "customer_owned_ip": "",
            "customer_owned_ipv4_pool": "",
            "domain": "vpc",
            "id": "eipalloc-0adb63941a805be29",
            "instance": "",
            "network_border_group": "us-east-2",
            "network_interface": "eni-0bb308a935565107e",
            "private_dns": "ip-10-0-1-66.us-east-2.compute.internal",
            "private_ip": "10.0.1.66",
            "public_dns": "ec2-18-220-22-139.us-east-2.compute.amazonaws.com",
            "public_ip": "18.220.22.139",
            "public_ipv4_pool": "amazon",
            "tags": {
              "Name": "dev-nat-gw",
              "Owner": "Ranjeet JADHAV",
              "Project": "Terraform"
            },
            "tags_all": {
              "Name": "dev-nat-gw",
              "Owner": "Ranjeet JADHAV",
              "Project": "Terraform"
            },
            "timeouts": null,
            "vpc": true
          },
          "sensitive_attributes": [],
          "private": "eyJlMmJmYjczMC1lY2FhLTExZTYtOGY4OC0zNDM2M2JjN2M0YzAiOnsiZGVsZXRlIjoxODAwMDAwMDAwMDAsInJlYWQiOjkwMDAwMDAwMDAwMCwidXBkYXRlIjozMDAwMDAwMDAwMDB9fQ=="
        }
      ]
    },
    {
      "mode": "managed",
      "type": "aws_eks_cluster",
      "name": "aws_eks",
      "provider": "provider[\"registry.terraform.io/hashicorp/aws\"]",
      "instances": [
        {
          "schema_version": 0,
          "attributes": {
            "arn": "arn:aws:eks:us-east-2:804872348047:cluster/eks-cluster-terra",
            "certificate_authority": [
              {
                "data": "LS0tLS1CRUdJTiBDRVJUSUZJQ0FURS0tLS0tCk1JSUMvakNDQWVhZ0F3SUJBZ0lCQURBTkJna3Foa2lHOXcwQkFRc0ZBREFWTVJNd0VRWURWUVFERXdwcmRXSmwKY201bGRHVnpNQjRYRFRJek1EY3hNVEEyTWpjeU5Wb1hEVE16TURjd09EQTJNamN5TlZvd0ZURVRNQkVHQTFVRQpBeE1LYTNWaVpYSnVaWFJsY3pDQ0FTSXdEUVlKS29aSWh2Y05BUUVCQlFBRGdnRVBBRENDQVFvQ2dnRUJBTm9nCjJWQ0J1UWg2Zlh1M2hSbC9tQmVmUVFKcFF5N2JjNHkvWEswQVl1SHNuN0Y0T3kxTmRGQkxLMkZTRWJTZTBWWmQKc3Jxd2NSdXdDbkhOOFkvQ0FpUUtKOGZzU1hrRzlVdTBFdHN2VllncVl2NTR6a1dMdUhtQWZ0Y2VvSGE5REJQNQp6YWdnTmk0Rm56Zk9qbXVPRXJCYzNNNWxaMzl5THV6bXE1WGo4amxJUVRnei96VUNjaVlEOUlqcmhBNXVweUhRClBFeFJkNnRzbjBIT241aHB6UEdTa3EzQkwzNG1tdzhXNmt0bWFhRHU4WWpEWEVMRUczSTA1VSt5OFpjU3RoU3kKVnRuSmpSTC8xVStSNExsazZmeE1RTHhxeDlCbEZMeW9TNzBCRnVZckNtNUxWNGdENUZPMFU1WkdWUVBtdHBxSgpQa1NyS3B2MitVL0gxQXFRV1NFQ0F3RUFBYU5aTUZjd0RnWURWUjBQQVFIL0JBUURBZ0trTUE4R0ExVWRFd0VCCi93UUZNQU1CQWY4d0hRWURWUjBPQkJZRUZGbmhlZHRuNTNSVWs2QkxJSFlEbHh5cDl3bldNQlVHQTFVZEVRUU8KTUF5Q0NtdDFZbVZ5Ym1WMFpYTXdEUVlKS29aSWh2Y05BUUVMQlFBRGdnRUJBTUgySGRvaEJZeGd5RjBMeHF4YwpOd0tXWGZLSmJZNG5XVjJCOWZoL3RXOUVaOG5jZ3A0VE1sNERWWFlLODZtVWE3ak5QeUVoenQzVU9uZzRFYUhVCnhrbzhxV0VVMnlrVjBHd2ltMFJOcTJKS1Zia2xaNjY5MkxsSEp6Q29td1dZNkZiTkNwcDAyNHNGMFpPampTdVQKWmtiTlVnaitLeFp0di94RHlBVVEyemQ0L2tkR1ZYOHI1TFIrdU1MaC8vWGh5RUVzZWpOODBLaytETzdtTS8rYgpGS0NRVWw2b0NEcGxudTBoS0NrNy90MjJVUENBUEd1N3JNWTBicHdrVHV4ZERkK3YvOEg0UzFyREYwcEc2R2FCCnhuT2JCYi84dEdoRloxN2JVRXJCb2x5dzhhckRZYWpmNVlTSHFMdjkwelFMNEQ4L0tqQ2UzYUlOaGxJT2t6ZE4KTTRBPQotLS0tLUVORCBDRVJUSUZJQ0FURS0tLS0tCg=="
              }
            ],
            "cluster_id": null,
            "created_at": "2023-07-11 06:22:14.51 +0000 UTC",
            "enabled_cluster_log_types": null,
            "encryption_config": [],
            "endpoint": "https://4DBF1515C4E5CB122DEB3836CCEE648A.gr7.us-east-2.eks.amazonaws.com",
            "id": "eks-cluster-terra",
            "identity": [
              {
                "oidc": [
                  {
                    "issuer": "https://oidc.eks.us-east-2.amazonaws.com/id/4DBF1515C4E5CB122DEB3836CCEE648A"
                  }
                ]
              }
            ],
            "kubernetes_network_config": [
              {
                "ip_family": "ipv4",
                "service_ipv4_cidr": "172.20.0.0/16",
                "service_ipv6_cidr": ""
              }
            ],
            "name": "eks-cluster-terra",
            "outpost_config": [],
            "platform_version": "eks.3",
            "role_arn": "arn:aws:iam::804872348047:role/eks-cluster-terra",
            "status": "ACTIVE",
            "tags": {
              "Name": "eks-terra",
              "Owner": "Ranjeet Jadhav"
            },
            "tags_all": {
              "Name": "eks-terra",
              "Owner": "Ranjeet Jadhav"
            },
            "timeouts": null,
            "version": "1.27",
            "vpc_config": [
              {
                "cluster_security_group_id": "sg-02fa2114413908746",
                "endpoint_private_access": true,
                "endpoint_public_access": true,
                "public_access_cidrs": [
                  "0.0.0.0/0"
                ],
                "security_group_ids": null,
                "subnet_ids": [
                  "subnet-01216d59a5ae98896",
                  "subnet-0b3bd6c2da4d06251",
                  "subnet-0cafcdc59479214d8",
                  "subnet-0e0dd5176a51bc5b5"
                ],
                "vpc_id": "vpc-01bb9f8589b0c614f"
              }
            ]
          },
          "sensitive_attributes": [],
          "private": "eyJlMmJmYjczMC1lY2FhLTExZTYtOGY4OC0zNDM2M2JjN2M0YzAiOnsiY3JlYXRlIjoxODAwMDAwMDAwMDAwLCJkZWxldGUiOjkwMDAwMDAwMDAwMCwidXBkYXRlIjozNjAwMDAwMDAwMDAwfX0=",
          "dependencies": [
            "aws_iam_role.eks_cluster-terra",
            "aws_subnet.private_subnets",
            "aws_subnet.public_subnets"
          ]
        }
      ]
    },
    {
      "mode": "managed",
      "type": "aws_eks_node_group",
      "name": "node",
      "provider": "provider[\"registry.terraform.io/hashicorp/aws\"]",
      "instances": [
        {
          "schema_version": 0,
          "attributes": {
            "ami_type": "AL2_x86_64",
            "arn": "arn:aws:eks:us-east-2:804872348047:nodegroup/eks-cluster-terra/eks-node-group-terra/a0c4a1d2-bf87-c033-99e3-bfb8d0541779",
            "capacity_type": "ON_DEMAND",
            "cluster_name": "eks-cluster-terra",
            "disk_size": 20,
            "force_update_version": null,
            "id": "eks-cluster-terra:eks-node-group-terra",
            "instance_types": [
              "t2.medium"
            ],
            "labels": null,
            "launch_template": [],
            "node_group_name": "eks-node-group-terra",
            "node_group_name_prefix": "",
            "node_role_arn": "arn:aws:iam::804872348047:role/eks-nodegrp-terra",
            "release_version": "1.27.1-20230703",
            "remote_access": [],
            "resources": [
              {
                "autoscaling_groups": [
                  {
                    "name": "eks-eks-node-group-terra-a0c4a1d2-bf87-c033-99e3-bfb8d0541779"
                  }
                ],
                "remote_access_security_group_id": ""
              }
            ],
            "scaling_config": [
              {
                "desired_size": 1,
                "max_size": 1,
                "min_size": 1
              }
            ],
            "status": "ACTIVE",
            "subnet_ids": [
              "subnet-01216d59a5ae98896",
              "subnet-0b3bd6c2da4d06251"
            ],
            "tags": null,
            "tags_all": {},
            "taint": [],
            "timeouts": null,
            "update_config": [
              {
                "max_unavailable": 1,
                "max_unavailable_percentage": 0
              }
            ],
            "version": "1.27"
          },
          "sensitive_attributes": [],
          "private": "eyJlMmJmYjczMC1lY2FhLTExZTYtOGY4OC0zNDM2M2JjN2M0YzAiOnsiY3JlYXRlIjozNjAwMDAwMDAwMDAwLCJkZWxldGUiOjM2MDAwMDAwMDAwMDAsInVwZGF0ZSI6MzYwMDAwMDAwMDAwMH19",
          "dependencies": [
            "aws_eks_cluster.aws_eks",
            "aws_iam_role.eks-node-grp-terra",
            "aws_iam_role.eks_cluster-terra",
            "aws_iam_role_policy_attachment.AmazonEC2ContainerRegistryReadOnly",
            "aws_iam_role_policy_attachment.AmazonEKSWorkerNodePolicy",
            "aws_iam_role_policy_attachment.AmazonEKS_CNI_Policy",
            "aws_subnet.private_subnets",
            "aws_subnet.public_subnets"
          ]
        }
      ]
    },
    {
      "mode": "managed",
      "type": "aws_iam_role",
      "name": "eks-node-grp-terra",
      "provider": "provider[\"registry.terraform.io/hashicorp/aws\"]",
      "instances": [
        {
          "schema_version": 0,
          "attributes": {
            "arn": "arn:aws:iam::804872348047:role/eks-nodegrp-terra",
            "assume_role_policy": "{\"Statement\":[{\"Action\":\"sts:AssumeRole\",\"Effect\":\"Allow\",\"Principal\":{\"Service\":\"ec2.amazonaws.com\"}}],\"Version\":\"2012-10-17\"}",
            "create_date": "2023-07-11T06:12:18Z",
            "description": "",
            "force_detach_policies": false,
            "id": "eks-nodegrp-terra",
            "inline_policy": [],
            "managed_policy_arns": [
              "arn:aws:iam::aws:policy/AmazonEC2ContainerRegistryReadOnly",
              "arn:aws:iam::aws:policy/AmazonEKSWorkerNodePolicy",
              "arn:aws:iam::aws:policy/AmazonEKS_CNI_Policy"
            ],
            "max_session_duration": 3600,
            "name": "eks-nodegrp-terra",
            "name_prefix": "",
            "path": "/",
            "permissions_boundary": null,
            "tags": {},
            "tags_all": {},
            "unique_id": "AROA3WZRBMGH73YMVTMXM"
          },
          "sensitive_attributes": [],
          "private": "bnVsbA=="
        }
      ]
    },
    {
      "mode": "managed",
      "type": "aws_iam_role",
      "name": "eks_cluster-terra",
      "provider": "provider[\"registry.terraform.io/hashicorp/aws\"]",
      "instances": [
        {
          "schema_version": 0,
          "attributes": {
            "arn": "arn:aws:iam::804872348047:role/eks-cluster-terra",
            "assume_role_policy": "{\"Statement\":[{\"Action\":\"sts:AssumeRole\",\"Effect\":\"Allow\",\"Principal\":{\"Service\":\"eks.amazonaws.com\"}}],\"Version\":\"2012-10-17\"}",
            "create_date": "2023-07-11T06:12:18Z",
            "description": "",
            "force_detach_policies": false,
            "id": "eks-cluster-terra",
            "inline_policy": [],
            "managed_policy_arns": [
              "arn:aws:iam::aws:policy/AmazonEKSClusterPolicy",
              "arn:aws:iam::aws:policy/AmazonEKSServicePolicy"
            ],
            "max_session_duration": 3600,
            "name": "eks-cluster-terra",
            "name_prefix": "",
            "path": "/",
            "permissions_boundary": null,
            "tags": {},
            "tags_all": {},
            "unique_id": "AROA3WZRBMGHYWV66HDK2"
          },
          "sensitive_attributes": [],
          "private": "bnVsbA=="
        }
      ]
    },
    {
      "mode": "managed",
      "type": "aws_iam_role_policy_attachment",
      "name": "AmazonEC2ContainerRegistryReadOnly",
      "provider": "provider[\"registry.terraform.io/hashicorp/aws\"]",
      "instances": [
        {
          "schema_version": 0,
          "attributes": {
            "id": "eks-nodegrp-terra-20230711061220042300000001",
            "policy_arn": "arn:aws:iam::aws:policy/AmazonEC2ContainerRegistryReadOnly",
            "role": "eks-nodegrp-terra"
          },
          "sensitive_attributes": [],
          "private": "bnVsbA==",
          "dependencies": [
            "aws_iam_role.eks-node-grp-terra"
          ]
        }
      ]
    },
    {
      "mode": "managed",
      "type": "aws_iam_role_policy_attachment",
      "name": "AmazonEKSClusterPolicy",
      "provider": "provider[\"registry.terraform.io/hashicorp/aws\"]",
      "instances": [
        {
          "schema_version": 0,
          "attributes": {
            "id": "eks-cluster-terra-20230711061220042400000002",
            "policy_arn": "arn:aws:iam::aws:policy/AmazonEKSClusterPolicy",
            "role": "eks-cluster-terra"
          },
          "sensitive_attributes": [],
          "private": "bnVsbA==",
          "dependencies": [
            "aws_iam_role.eks_cluster-terra"
          ]
        }
      ]
    },
    {
      "mode": "managed",
      "type": "aws_iam_role_policy_attachment",
      "name": "AmazonEKSServicePolicy",
      "provider": "provider[\"registry.terraform.io/hashicorp/aws\"]",
      "instances": [
        {
          "schema_version": 0,
          "attributes": {
            "id": "eks-cluster-terra-20230711061220566800000005",
            "policy_arn": "arn:aws:iam::aws:policy/AmazonEKSServicePolicy",
            "role": "eks-cluster-terra"
          },
          "sensitive_attributes": [],
          "private": "bnVsbA==",
          "dependencies": [
            "aws_iam_role.eks_cluster-terra"
          ]
        }
      ]
    },
    {
      "mode": "managed",
      "type": "aws_iam_role_policy_attachment",
      "name": "AmazonEKSWorkerNodePolicy",
      "provider": "provider[\"registry.terraform.io/hashicorp/aws\"]",
      "instances": [
        {
          "schema_version": 0,
          "attributes": {
            "id": "eks-nodegrp-terra-20230711061220306200000003",
            "policy_arn": "arn:aws:iam::aws:policy/AmazonEKSWorkerNodePolicy",
            "role": "eks-nodegrp-terra"
          },
          "sensitive_attributes": [],
          "private": "bnVsbA==",
          "dependencies": [
            "aws_iam_role.eks-node-grp-terra"
          ]
        }
      ]
    },
    {
      "mode": "managed",
      "type": "aws_iam_role_policy_attachment",
      "name": "AmazonEKS_CNI_Policy",
      "provider": "provider[\"registry.terraform.io/hashicorp/aws\"]",
      "instances": [
        {
          "schema_version": 0,
          "attributes": {
            "id": "eks-nodegrp-terra-20230711061220312400000004",
            "policy_arn": "arn:aws:iam::aws:policy/AmazonEKS_CNI_Policy",
            "role": "eks-nodegrp-terra"
          },
          "sensitive_attributes": [],
          "private": "bnVsbA==",
          "dependencies": [
            "aws_iam_role.eks-node-grp-terra"
          ]
        }
      ]
    },
    {
      "mode": "managed",
      "type": "aws_internet_gateway",
      "name": "sbi",
      "provider": "provider[\"registry.terraform.io/hashicorp/aws\"]",
      "instances": [
        {
          "schema_version": 0,
          "attributes": {
            "arn": "arn:aws:ec2:us-east-2:804872348047:internet-gateway/igw-08df8892c349c8cc3",
            "id": "igw-08df8892c349c8cc3",
            "owner_id": "804872348047",
            "tags": {
              "Name": "dev-igw",
              "Owner": "Ranjeet JADHAV",
              "Project": "Terraform"
            },
            "tags_all": {
              "Name": "dev-igw",
              "Owner": "Ranjeet JADHAV",
              "Project": "Terraform"
            },
            "timeouts": null,
            "vpc_id": "vpc-01bb9f8589b0c614f"
          },
          "sensitive_attributes": [],
          "private": "eyJlMmJmYjczMC1lY2FhLTExZTYtOGY4OC0zNDM2M2JjN2M0YzAiOnsiY3JlYXRlIjoxMjAwMDAwMDAwMDAwLCJkZWxldGUiOjEyMDAwMDAwMDAwMDAsInVwZGF0ZSI6MTIwMDAwMDAwMDAwMH19",
          "dependencies": [
            "aws_vpc.sbi"
          ]
        }
      ]
    },
    {
      "mode": "managed",
      "type": "aws_nat_gateway",
      "name": "nat",
      "provider": "provider[\"registry.terraform.io/hashicorp/aws\"]",
      "instances": [
        {
          "schema_version": 0,
          "attributes": {
            "allocation_id": "eipalloc-0adb63941a805be29",
            "association_id": "eipassoc-0e461e01b4ec24b65",
            "connectivity_type": "public",
            "id": "nat-08c71befd7fa311be",
            "network_interface_id": "eni-0bb308a935565107e",
            "private_ip": "10.0.1.66",
            "public_ip": "18.220.22.139",
            "subnet_id": "subnet-0e0dd5176a51bc5b5",
            "tags": {
              "Name": "dev-nat-gw",
              "Owner": "Ranjeet JADHAV",
              "Project": "Terraform"
            },
            "tags_all": {
              "Name": "dev-nat-gw",
              "Owner": "Ranjeet JADHAV",
              "Project": "Terraform"
            }
          },
          "sensitive_attributes": [],
          "private": "bnVsbA==",
          "dependencies": [
            "aws_eip.nat",
            "aws_subnet.public_subnets",
            "aws_vpc.sbi",
            "data.aws_availability_zones.available"
          ]
        }
      ]
    },
    {
      "mode": "managed",
      "type": "aws_route_table",
      "name": "private_subnets",
      "provider": "provider[\"registry.terraform.io/hashicorp/aws\"]",
      "instances": [
        {
          "schema_version": 0,
          "attributes": {
            "arn": "arn:aws:ec2:us-east-2:804872348047:route-table/rtb-0bd05e47b553e1ce3",
            "id": "rtb-0bd05e47b553e1ce3",
            "owner_id": "804872348047",
            "propagating_vgws": [],
            "route": [
              {
                "carrier_gateway_id": "",
                "cidr_block": "0.0.0.0/0",
                "core_network_arn": "",
                "destination_prefix_list_id": "",
                "egress_only_gateway_id": "",
                "gateway_id": "",
                "ipv6_cidr_block": "",
                "local_gateway_id": "",
                "nat_gateway_id": "nat-08c71befd7fa311be",
                "network_interface_id": "",
                "transit_gateway_id": "",
                "vpc_endpoint_id": "",
                "vpc_peering_connection_id": ""
              }
            ],
            "tags": {
              "Name": "dev-route-private-subnet",
              "Owner": "Ranjeet JADHAV",
              "Project": "Terraform"
            },
            "tags_all": {
              "Name": "dev-route-private-subnet",
              "Owner": "Ranjeet JADHAV",
              "Project": "Terraform"
            },
            "timeouts": null,
            "vpc_id": "vpc-01bb9f8589b0c614f"
          },
          "sensitive_attributes": [],
          "private": "eyJlMmJmYjczMC1lY2FhLTExZTYtOGY4OC0zNDM2M2JjN2M0YzAiOnsiY3JlYXRlIjozMDAwMDAwMDAwMDAsImRlbGV0ZSI6MzAwMDAwMDAwMDAwLCJ1cGRhdGUiOjEyMDAwMDAwMDAwMH19",
          "dependencies": [
            "aws_eip.nat",
            "aws_nat_gateway.nat",
            "aws_subnet.public_subnets",
            "aws_vpc.sbi",
            "data.aws_availability_zones.available"
          ]
        }
      ]
    },
    {
      "mode": "managed",
      "type": "aws_route_table",
      "name": "public_subnets",
      "provider": "provider[\"registry.terraform.io/hashicorp/aws\"]",
      "instances": [
        {
          "schema_version": 0,
          "attributes": {
            "arn": "arn:aws:ec2:us-east-2:804872348047:route-table/rtb-08fd28647082c70e0",
            "id": "rtb-08fd28647082c70e0",
            "owner_id": "804872348047",
            "propagating_vgws": [],
            "route": [
              {
                "carrier_gateway_id": "",
                "cidr_block": "0.0.0.0/0",
                "core_network_arn": "",
                "destination_prefix_list_id": "",
                "egress_only_gateway_id": "",
                "gateway_id": "igw-08df8892c349c8cc3",
                "ipv6_cidr_block": "",
                "local_gateway_id": "",
                "nat_gateway_id": "",
                "network_interface_id": "",
                "transit_gateway_id": "",
                "vpc_endpoint_id": "",
                "vpc_peering_connection_id": ""
              }
            ],
            "tags": {
              "Name": "dev-route-public-subnets",
              "Owner": "Ranjeet JADHAV",
              "Project": "Terraform"
            },
            "tags_all": {
              "Name": "dev-route-public-subnets",
              "Owner": "Ranjeet JADHAV",
              "Project": "Terraform"
            },
            "timeouts": null,
            "vpc_id": "vpc-01bb9f8589b0c614f"
          },
          "sensitive_attributes": [],
          "private": "eyJlMmJmYjczMC1lY2FhLTExZTYtOGY4OC0zNDM2M2JjN2M0YzAiOnsiY3JlYXRlIjozMDAwMDAwMDAwMDAsImRlbGV0ZSI6MzAwMDAwMDAwMDAwLCJ1cGRhdGUiOjEyMDAwMDAwMDAwMH19",
          "dependencies": [
            "aws_internet_gateway.sbi",
            "aws_vpc.sbi"
          ]
        }
      ]
    },
    {
      "mode": "managed",
      "type": "aws_route_table_association",
      "name": "private_routes",
      "provider": "provider[\"registry.terraform.io/hashicorp/aws\"]",
      "instances": [
        {
          "index_key": 0,
          "schema_version": 0,
          "attributes": {
            "gateway_id": "",
            "id": "rtbassoc-00ac4419c076261ae",
            "route_table_id": "rtb-0bd05e47b553e1ce3",
            "subnet_id": "subnet-01216d59a5ae98896",
            "timeouts": null
          },
          "sensitive_attributes": [],
          "private": "eyJlMmJmYjczMC1lY2FhLTExZTYtOGY4OC0zNDM2M2JjN2M0YzAiOnsiY3JlYXRlIjozMDAwMDAwMDAwMDAsImRlbGV0ZSI6MzAwMDAwMDAwMDAwLCJ1cGRhdGUiOjEyMDAwMDAwMDAwMH19",
          "dependencies": [
            "aws_eip.nat",
            "aws_nat_gateway.nat",
            "aws_route_table.private_subnets",
            "aws_subnet.private_subnets",
            "aws_subnet.public_subnets",
            "aws_vpc.sbi",
            "data.aws_availability_zones.available"
          ]
        },
        {
          "index_key": 1,
          "schema_version": 0,
          "attributes": {
            "gateway_id": "",
            "id": "rtbassoc-098780b8e542dbd2b",
            "route_table_id": "rtb-0bd05e47b553e1ce3",
            "subnet_id": "subnet-0b3bd6c2da4d06251",
            "timeouts": null
          },
          "sensitive_attributes": [],
          "private": "eyJlMmJmYjczMC1lY2FhLTExZTYtOGY4OC0zNDM2M2JjN2M0YzAiOnsiY3JlYXRlIjozMDAwMDAwMDAwMDAsImRlbGV0ZSI6MzAwMDAwMDAwMDAwLCJ1cGRhdGUiOjEyMDAwMDAwMDAwMH19",
          "dependencies": [
            "aws_eip.nat",
            "aws_nat_gateway.nat",
            "aws_route_table.private_subnets",
            "aws_subnet.private_subnets",
            "aws_subnet.public_subnets",
            "aws_vpc.sbi",
            "data.aws_availability_zones.available"
          ]
        }
      ]
    },
    {
      "mode": "managed",
      "type": "aws_route_table_association",
      "name": "public_routes",
      "provider": "provider[\"registry.terraform.io/hashicorp/aws\"]",
      "instances": [
        {
          "index_key": 0,
          "schema_version": 0,
          "attributes": {
            "gateway_id": "",
            "id": "rtbassoc-0ad997fbfc266a545",
            "route_table_id": "rtb-08fd28647082c70e0",
            "subnet_id": "subnet-0e0dd5176a51bc5b5",
            "timeouts": null
          },
          "sensitive_attributes": [],
          "private": "eyJlMmJmYjczMC1lY2FhLTExZTYtOGY4OC0zNDM2M2JjN2M0YzAiOnsiY3JlYXRlIjozMDAwMDAwMDAwMDAsImRlbGV0ZSI6MzAwMDAwMDAwMDAwLCJ1cGRhdGUiOjEyMDAwMDAwMDAwMH19",
          "dependencies": [
            "aws_internet_gateway.sbi",
            "aws_route_table.public_subnets",
            "aws_subnet.public_subnets",
            "aws_vpc.sbi",
            "data.aws_availability_zones.available"
          ]
        },
        {
          "index_key": 1,
          "schema_version": 0,
          "attributes": {
            "gateway_id": "",
            "id": "rtbassoc-0461cb06b163df66d",
            "route_table_id": "rtb-08fd28647082c70e0",
            "subnet_id": "subnet-0cafcdc59479214d8",
            "timeouts": null
          },
          "sensitive_attributes": [],
          "private": "eyJlMmJmYjczMC1lY2FhLTExZTYtOGY4OC0zNDM2M2JjN2M0YzAiOnsiY3JlYXRlIjozMDAwMDAwMDAwMDAsImRlbGV0ZSI6MzAwMDAwMDAwMDAwLCJ1cGRhdGUiOjEyMDAwMDAwMDAwMH19",
          "dependencies": [
            "aws_internet_gateway.sbi",
            "aws_route_table.public_subnets",
            "aws_subnet.public_subnets",
            "aws_vpc.sbi",
            "data.aws_availability_zones.available"
          ]
        }
      ]
    },
    {
      "mode": "managed",
      "type": "aws_subnet",
      "name": "private_subnets",
      "provider": "provider[\"registry.terraform.io/hashicorp/aws\"]",
      "instances": [
        {
          "index_key": 0,
          "schema_version": 1,
          "attributes": {
            "arn": "arn:aws:ec2:us-east-2:804872348047:subnet/subnet-01216d59a5ae98896",
            "assign_ipv6_address_on_creation": false,
            "availability_zone": "us-east-2a",
            "availability_zone_id": "use2-az1",
            "cidr_block": "10.0.11.0/24",
            "customer_owned_ipv4_pool": "",
            "enable_dns64": false,
            "enable_lni_at_device_index": 0,
            "enable_resource_name_dns_a_record_on_launch": false,
            "enable_resource_name_dns_aaaa_record_on_launch": false,
            "id": "subnet-01216d59a5ae98896",
            "ipv6_cidr_block": "",
            "ipv6_cidr_block_association_id": "",
            "ipv6_native": false,
            "map_customer_owned_ip_on_launch": false,
            "map_public_ip_on_launch": false,
            "outpost_arn": "",
            "owner_id": "804872348047",
            "private_dns_hostname_type_on_launch": "ip-name",
            "tags": {
              "Name": "dev-private-1",
              "Owner": "Ranjeet JADHAV",
              "Project": "Terraform"
            },
            "tags_all": {
              "Name": "dev-private-1",
              "Owner": "Ranjeet JADHAV",
              "Project": "Terraform"
            },
            "timeouts": null,
            "vpc_id": "vpc-01bb9f8589b0c614f"
          },
          "sensitive_attributes": [],
          "private": "eyJlMmJmYjczMC1lY2FhLTExZTYtOGY4OC0zNDM2M2JjN2M0YzAiOnsiY3JlYXRlIjo2MDAwMDAwMDAwMDAsImRlbGV0ZSI6MTIwMDAwMDAwMDAwMH0sInNjaGVtYV92ZXJzaW9uIjoiMSJ9",
          "dependencies": [
            "aws_vpc.sbi",
            "data.aws_availability_zones.available"
          ]
        },
        {
          "index_key": 1,
          "schema_version": 1,
          "attributes": {
            "arn": "arn:aws:ec2:us-east-2:804872348047:subnet/subnet-0b3bd6c2da4d06251",
            "assign_ipv6_address_on_creation": false,
            "availability_zone": "us-east-2b",
            "availability_zone_id": "use2-az2",
            "cidr_block": "10.0.22.0/24",
            "customer_owned_ipv4_pool": "",
            "enable_dns64": false,
            "enable_lni_at_device_index": 0,
            "enable_resource_name_dns_a_record_on_launch": false,
            "enable_resource_name_dns_aaaa_record_on_launch": false,
            "id": "subnet-0b3bd6c2da4d06251",
            "ipv6_cidr_block": "",
            "ipv6_cidr_block_association_id": "",
            "ipv6_native": false,
            "map_customer_owned_ip_on_launch": false,
            "map_public_ip_on_launch": false,
            "outpost_arn": "",
            "owner_id": "804872348047",
            "private_dns_hostname_type_on_launch": "ip-name",
            "tags": {
              "Name": "dev-private-2",
              "Owner": "Ranjeet JADHAV",
              "Project": "Terraform"
            },
            "tags_all": {
              "Name": "dev-private-2",
              "Owner": "Ranjeet JADHAV",
              "Project": "Terraform"
            },
            "timeouts": null,
            "vpc_id": "vpc-01bb9f8589b0c614f"
          },
          "sensitive_attributes": [],
          "private": "eyJlMmJmYjczMC1lY2FhLTExZTYtOGY4OC0zNDM2M2JjN2M0YzAiOnsiY3JlYXRlIjo2MDAwMDAwMDAwMDAsImRlbGV0ZSI6MTIwMDAwMDAwMDAwMH0sInNjaGVtYV92ZXJzaW9uIjoiMSJ9",
          "dependencies": [
            "aws_vpc.sbi",
            "data.aws_availability_zones.available"
          ]
        }
      ]
    },
    {
      "mode": "managed",
      "type": "aws_subnet",
      "name": "public_subnets",
      "provider": "provider[\"registry.terraform.io/hashicorp/aws\"]",
      "instances": [
        {
          "index_key": 0,
          "schema_version": 1,
          "attributes": {
            "arn": "arn:aws:ec2:us-east-2:804872348047:subnet/subnet-0e0dd5176a51bc5b5",
            "assign_ipv6_address_on_creation": false,
            "availability_zone": "us-east-2a",
            "availability_zone_id": "use2-az1",
            "cidr_block": "10.0.1.0/24",
            "customer_owned_ipv4_pool": "",
            "enable_dns64": false,
            "enable_lni_at_device_index": 0,
            "enable_resource_name_dns_a_record_on_launch": false,
            "enable_resource_name_dns_aaaa_record_on_launch": false,
            "id": "subnet-0e0dd5176a51bc5b5",
            "ipv6_cidr_block": "",
            "ipv6_cidr_block_association_id": "",
            "ipv6_native": false,
            "map_customer_owned_ip_on_launch": false,
            "map_public_ip_on_launch": true,
            "outpost_arn": "",
            "owner_id": "804872348047",
            "private_dns_hostname_type_on_launch": "ip-name",
            "tags": {
              "Name": "dev-public-1",
              "Owner": "Ranjeet JADHAV",
              "Project": "Terraform"
            },
            "tags_all": {
              "Name": "dev-public-1",
              "Owner": "Ranjeet JADHAV",
              "Project": "Terraform"
            },
            "timeouts": null,
            "vpc_id": "vpc-01bb9f8589b0c614f"
          },
          "sensitive_attributes": [],
          "private": "eyJlMmJmYjczMC1lY2FhLTExZTYtOGY4OC0zNDM2M2JjN2M0YzAiOnsiY3JlYXRlIjo2MDAwMDAwMDAwMDAsImRlbGV0ZSI6MTIwMDAwMDAwMDAwMH0sInNjaGVtYV92ZXJzaW9uIjoiMSJ9",
          "dependencies": [
            "aws_vpc.sbi",
            "data.aws_availability_zones.available"
          ]
        },
        {
          "index_key": 1,
          "schema_version": 1,
          "attributes": {
            "arn": "arn:aws:ec2:us-east-2:804872348047:subnet/subnet-0cafcdc59479214d8",
            "assign_ipv6_address_on_creation": false,
            "availability_zone": "us-east-2b",
            "availability_zone_id": "use2-az2",
            "cidr_block": "10.0.2.0/24",
            "customer_owned_ipv4_pool": "",
            "enable_dns64": false,
            "enable_lni_at_device_index": 0,
            "enable_resource_name_dns_a_record_on_launch": false,
            "enable_resource_name_dns_aaaa_record_on_launch": false,
            "id": "subnet-0cafcdc59479214d8",
            "ipv6_cidr_block": "",
            "ipv6_cidr_block_association_id": "",
            "ipv6_native": false,
            "map_customer_owned_ip_on_launch": false,
            "map_public_ip_on_launch": true,
            "outpost_arn": "",
            "owner_id": "804872348047",
            "private_dns_hostname_type_on_launch": "ip-name",
            "tags": {
              "Name": "dev-public-2",
              "Owner": "Ranjeet JADHAV",
              "Project": "Terraform"
            },
            "tags_all": {
              "Name": "dev-public-2",
              "Owner": "Ranjeet JADHAV",
              "Project": "Terraform"
            },
            "timeouts": null,
            "vpc_id": "vpc-01bb9f8589b0c614f"
          },
          "sensitive_attributes": [],
          "private": "eyJlMmJmYjczMC1lY2FhLTExZTYtOGY4OC0zNDM2M2JjN2M0YzAiOnsiY3JlYXRlIjo2MDAwMDAwMDAwMDAsImRlbGV0ZSI6MTIwMDAwMDAwMDAwMH0sInNjaGVtYV92ZXJzaW9uIjoiMSJ9",
          "dependencies": [
            "aws_vpc.sbi",
            "data.aws_availability_zones.available"
          ]
        }
      ]
    },
    {
      "mode": "managed",
      "type": "aws_vpc",
      "name": "sbi",
      "provider": "provider[\"registry.terraform.io/hashicorp/aws\"]",
      "instances": [
        {
          "schema_version": 1,
          "attributes": {
            "arn": "arn:aws:ec2:us-east-2:804872348047:vpc/vpc-01bb9f8589b0c614f",
            "assign_generated_ipv6_cidr_block": false,
            "cidr_block": "10.0.0.0/16",
            "default_network_acl_id": "acl-0b961da79041b81cd",
            "default_route_table_id": "rtb-0b53fa1f53ce146c9",
            "default_security_group_id": "sg-0b0c4af6fdb21ee42",
            "dhcp_options_id": "dopt-fc5c9597",
            "enable_dns_hostnames": false,
            "enable_dns_support": true,
            "enable_network_address_usage_metrics": false,
            "id": "vpc-01bb9f8589b0c614f",
            "instance_tenancy": "default",
            "ipv4_ipam_pool_id": null,
            "ipv4_netmask_length": null,
            "ipv6_association_id": "",
            "ipv6_cidr_block": "",
            "ipv6_cidr_block_network_border_group": "",
            "ipv6_ipam_pool_id": "",
            "ipv6_netmask_length": 0,
            "main_route_table_id": "rtb-0b53fa1f53ce146c9",
            "owner_id": "804872348047",
            "tags": {
              "Name": "dev-vpc",
              "Owner": "Ranjeet JADHAV",
              "Project": "Terraform"
            },
            "tags_all": {
              "Name": "dev-vpc",
              "Owner": "Ranjeet JADHAV",
              "Project": "Terraform"
            }
          },
          "sensitive_attributes": [],
          "private": "eyJzY2hlbWFfdmVyc2lvbiI6IjEifQ=="
        }
      ]
    }
  ],
  "check_results": null
}
